PODS:
  - Bluejay (0.8.9)

DEPENDENCIES:
  - Bluejay (from `https://github.com/KDederichs/bluejay.git`, branch `expose_manager`)

EXTERNAL SOURCES:
  Bluejay:
    :branch: expose_manager
    :git: https://github.com/KDederichs/bluejay.git

CHECKOUT OPTIONS:
  Bluejay:
    :commit: c9878ee42066036cb68a84b65c42448ffc657902
    :git: https://github.com/KDederichs/bluejay.git

SPEC CHECKSUMS:
  Bluejay: 2dd1e38c0b3bb02c931c0c10d380887230b09a33

PODFILE CHECKSUM: 14d9a4ab0aa3101f25469b71713121f8499139fa

COCOAPODS: 1.11.2
