PODS:
  - MooltipassBle (0.1.3)

DEPENDENCIES:
  - "MooltipassBle (from `git@github.com:KDederichs/MooltipassBle.git`)"

EXTERNAL SOURCES:
  MooltipassBle:
    :git: "git@github.com:KDederichs/MooltipassBle.git"

CHECKOUT OPTIONS:
  MooltipassBle:
    :commit: ae6721aa34e705bcd93e52440ef1c754498a9f95
    :git: "git@github.com:KDederichs/MooltipassBle.git"

SPEC CHECKSUMS:
  MooltipassBle: 9d5ba5c06c88cf22ce36e20c7c5051886d4b962e

PODFILE CHECKSUM: 1ba465c4cac3cf67f1b934020fe86bcd84706f58

COCOAPODS: 1.11.2
