// !$*UTF8*$!
{
	archiveVersion = 1;
	classes = {
	};
	objectVersion = 55;
	objects = {

/* Begin PBXBuildFile section */
		17599205C4E958DBA1B2E1A7 /* MooltipassMessage.swift in Sources */ = {isa = PBXBuildFile; fileRef = 1759976164CF1FDE3595F789 /* MooltipassMessage.swift */; };
		1759925362CE7D6189493099 /* MooltipassPayload.swift in Sources */ = {isa = PBXBuildFile; fileRef = 17599C993846AE57744EBECC /* MooltipassPayload.swift */; };
		1759964620A3785E89D138ED /* BluetoothConnectionHandler.swift in Sources */ = {isa = PBXBuildFile; fileRef = 175996A7037C978F79FC8B58 /* BluetoothConnectionHandler.swift */; };
		1759964F3D8597434054CA5F /* FlowController.swift in Sources */ = {isa = PBXBuildFile; fileRef = 175993425A909A7F19D47306 /* FlowController.swift */; };
		175997AE21D5DC00643560E6 /* BluetoothService.swift in Sources */ = {isa = PBXBuildFile; fileRef = 17599BD74C6563A506876574 /* BluetoothService.swift */; };
		17599A6CF83D8B2E8663F70A /* BleMessageFactory.swift in Sources */ = {isa = PBXBuildFile; fileRef = 175993CF3FB20E0D70475C64 /* BleMessageFactory.swift */; };
		17599C49631C781970742C9D /* MessageFactory.swift in Sources */ = {isa = PBXBuildFile; fileRef = 175992EB83736051FE6CB017 /* MessageFactory.swift */; };
		17599C685200507B989306B2 /* PairingFlow.swift in Sources */ = {isa = PBXBuildFile; fileRef = 1759925EB558EA3262A1E743 /* PairingFlow.swift */; };
		17599D3BD05BF3F5393430BB /* BluetoothEventsHandler.swift in Sources */ = {isa = PBXBuildFile; fileRef = 175996D1B2F0BB4C39370D49 /* BluetoothEventsHandler.swift */; };
		39023B3427C10332000A7CD5 /* AppDelegate.swift in Sources */ = {isa = PBXBuildFile; fileRef = 39023B3327C10332000A7CD5 /* AppDelegate.swift */; };
		39023B3627C10332000A7CD5 /* SceneDelegate.swift in Sources */ = {isa = PBXBuildFile; fileRef = 39023B3527C10332000A7CD5 /* SceneDelegate.swift */; };
		39023B3827C10332000A7CD5 /* ViewController.swift in Sources */ = {isa = PBXBuildFile; fileRef = 39023B3727C10332000A7CD5 /* ViewController.swift */; };
		39023B3B27C10332000A7CD5 /* Main.storyboard in Resources */ = {isa = PBXBuildFile; fileRef = 39023B3927C10332000A7CD5 /* Main.storyboard */; };
		39023B3D27C10333000A7CD5 /* Assets.xcassets in Resources */ = {isa = PBXBuildFile; fileRef = 39023B3C27C10333000A7CD5 /* Assets.xcassets */; };
		39023B4027C10333000A7CD5 /* LaunchScreen.storyboard in Resources */ = {isa = PBXBuildFile; fileRef = 39023B3E27C10333000A7CD5 /* LaunchScreen.storyboard */; };
		39023B4B27C10333000A7CD5 /* MooltifillTests.swift in Sources */ = {isa = PBXBuildFile; fileRef = 39023B4A27C10333000A7CD5 /* MooltifillTests.swift */; };
		39023B5527C10333000A7CD5 /* MooltifillUITests.swift in Sources */ = {isa = PBXBuildFile; fileRef = 39023B5427C10333000A7CD5 /* MooltifillUITests.swift */; };
		39023B5727C10333000A7CD5 /* MooltifillUITestsLaunchTests.swift in Sources */ = {isa = PBXBuildFile; fileRef = 39023B5627C10333000A7CD5 /* MooltifillUITestsLaunchTests.swift */; };
		39023B6527C10430000A7CD5 /* MooltipassCommand.swift in Sources */ = {isa = PBXBuildFile; fileRef = 39023B6427C10430000A7CD5 /* MooltipassCommand.swift */; };
/* End PBXBuildFile section */

/* Begin PBXContainerItemProxy section */
		39023B4727C10333000A7CD5 /* PBXContainerItemProxy */ = {
			isa = PBXContainerItemProxy;
			containerPortal = 39023B2827C10332000A7CD5 /* Project object */;
			proxyType = 1;
			remoteGlobalIDString = 39023B2F27C10332000A7CD5;
			remoteInfo = Mooltifill;
		};
		39023B5127C10333000A7CD5 /* PBXContainerItemProxy */ = {
			isa = PBXContainerItemProxy;
			containerPortal = 39023B2827C10332000A7CD5 /* Project object */;
			proxyType = 1;
			remoteGlobalIDString = 39023B2F27C10332000A7CD5;
			remoteInfo = Mooltifill;
		};
/* End PBXContainerItemProxy section */

/* Begin PBXFileReference section */
		1759925EB558EA3262A1E743 /* PairingFlow.swift */ = {isa = PBXFileReference; fileEncoding = 4; lastKnownFileType = sourcecode.swift; path = PairingFlow.swift; sourceTree = "<group>"; };
		175992EB83736051FE6CB017 /* MessageFactory.swift */ = {isa = PBXFileReference; fileEncoding = 4; lastKnownFileType = sourcecode.swift; path = MessageFactory.swift; sourceTree = "<group>"; };
		175993425A909A7F19D47306 /* FlowController.swift */ = {isa = PBXFileReference; fileEncoding = 4; lastKnownFileType = sourcecode.swift; path = FlowController.swift; sourceTree = "<group>"; };
		175993CF3FB20E0D70475C64 /* BleMessageFactory.swift */ = {isa = PBXFileReference; fileEncoding = 4; lastKnownFileType = sourcecode.swift; path = BleMessageFactory.swift; sourceTree = "<group>"; };
		175996A7037C978F79FC8B58 /* BluetoothConnectionHandler.swift */ = {isa = PBXFileReference; fileEncoding = 4; lastKnownFileType = sourcecode.swift; path = BluetoothConnectionHandler.swift; sourceTree = "<group>"; };
		175996D1B2F0BB4C39370D49 /* BluetoothEventsHandler.swift */ = {isa = PBXFileReference; fileEncoding = 4; lastKnownFileType = sourcecode.swift; path = BluetoothEventsHandler.swift; sourceTree = "<group>"; };
		1759976164CF1FDE3595F789 /* MooltipassMessage.swift */ = {isa = PBXFileReference; fileEncoding = 4; lastKnownFileType = sourcecode.swift; path = MooltipassMessage.swift; sourceTree = "<group>"; };
		17599BD74C6563A506876574 /* BluetoothService.swift */ = {isa = PBXFileReference; fileEncoding = 4; lastKnownFileType = sourcecode.swift; path = BluetoothService.swift; sourceTree = "<group>"; };
		17599C993846AE57744EBECC /* MooltipassPayload.swift */ = {isa = PBXFileReference; fileEncoding = 4; lastKnownFileType = sourcecode.swift; path = MooltipassPayload.swift; sourceTree = "<group>"; };
		39023B3027C10332000A7CD5 /* Mooltifill.app */ = {isa = PBXFileReference; explicitFileType = wrapper.application; includeInIndex = 0; path = Mooltifill.app; sourceTree = BUILT_PRODUCTS_DIR; };
		39023B3327C10332000A7CD5 /* AppDelegate.swift */ = {isa = PBXFileReference; lastKnownFileType = sourcecode.swift; path = AppDelegate.swift; sourceTree = "<group>"; };
		39023B3527C10332000A7CD5 /* SceneDelegate.swift */ = {isa = PBXFileReference; lastKnownFileType = sourcecode.swift; path = SceneDelegate.swift; sourceTree = "<group>"; };
		39023B3727C10332000A7CD5 /* ViewController.swift */ = {isa = PBXFileReference; lastKnownFileType = sourcecode.swift; path = ViewController.swift; sourceTree = "<group>"; };
		39023B3A27C10332000A7CD5 /* Base */ = {isa = PBXFileReference; lastKnownFileType = file.storyboard; name = Base; path = Base.lproj/Main.storyboard; sourceTree = "<group>"; };
		39023B3C27C10333000A7CD5 /* Assets.xcassets */ = {isa = PBXFileReference; lastKnownFileType = folder.assetcatalog; path = Assets.xcassets; sourceTree = "<group>"; };
		39023B3F27C10333000A7CD5 /* Base */ = {isa = PBXFileReference; lastKnownFileType = file.storyboard; name = Base; path = Base.lproj/LaunchScreen.storyboard; sourceTree = "<group>"; };
		39023B4127C10333000A7CD5 /* Info.plist */ = {isa = PBXFileReference; lastKnownFileType = text.plist.xml; path = Info.plist; sourceTree = "<group>"; };
		39023B4627C10333000A7CD5 /* MooltifillTests.xctest */ = {isa = PBXFileReference; explicitFileType = wrapper.cfbundle; includeInIndex = 0; path = MooltifillTests.xctest; sourceTree = BUILT_PRODUCTS_DIR; };
		39023B4A27C10333000A7CD5 /* MooltifillTests.swift */ = {isa = PBXFileReference; lastKnownFileType = sourcecode.swift; path = MooltifillTests.swift; sourceTree = "<group>"; };
		39023B5027C10333000A7CD5 /* MooltifillUITests.xctest */ = {isa = PBXFileReference; explicitFileType = wrapper.cfbundle; includeInIndex = 0; path = MooltifillUITests.xctest; sourceTree = BUILT_PRODUCTS_DIR; };
		39023B5427C10333000A7CD5 /* MooltifillUITests.swift */ = {isa = PBXFileReference; lastKnownFileType = sourcecode.swift; path = MooltifillUITests.swift; sourceTree = "<group>"; };
		39023B5627C10333000A7CD5 /* MooltifillUITestsLaunchTests.swift */ = {isa = PBXFileReference; lastKnownFileType = sourcecode.swift; path = MooltifillUITestsLaunchTests.swift; sourceTree = "<group>"; };
		39023B6427C10430000A7CD5 /* MooltipassCommand.swift */ = {isa = PBXFileReference; lastKnownFileType = sourcecode.swift; path = MooltipassCommand.swift; sourceTree = "<group>"; };
/* End PBXFileReference section */

/* Begin PBXFrameworksBuildPhase section */
		39023B2D27C10332000A7CD5 /* Frameworks */ = {
			isa = PBXFrameworksBuildPhase;
			buildActionMask = 2147483647;
			files = (
			);
			runOnlyForDeploymentPostprocessing = 0;
		};
		39023B4327C10333000A7CD5 /* Frameworks */ = {
			isa = PBXFrameworksBuildPhase;
			buildActionMask = 2147483647;
			files = (
			);
			runOnlyForDeploymentPostprocessing = 0;
		};
		39023B4D27C10333000A7CD5 /* Frameworks */ = {
			isa = PBXFrameworksBuildPhase;
			buildActionMask = 2147483647;
			files = (
			);
			runOnlyForDeploymentPostprocessing = 0;
		};
/* End PBXFrameworksBuildPhase section */

/* Begin PBXGroup section */
		39023B2727C10332000A7CD5 = {
			isa = PBXGroup;
			children = (
				39023B3227C10332000A7CD5 /* Mooltifill */,
				39023B4927C10333000A7CD5 /* MooltifillTests */,
				39023B5327C10333000A7CD5 /* MooltifillUITests */,
				39023B3127C10332000A7CD5 /* Products */,
			);
			sourceTree = "<group>";
		};
		39023B3127C10332000A7CD5 /* Products */ = {
			isa = PBXGroup;
			children = (
				39023B3027C10332000A7CD5 /* Mooltifill.app */,
				39023B4627C10333000A7CD5 /* MooltifillTests.xctest */,
				39023B5027C10333000A7CD5 /* MooltifillUITests.xctest */,
			);
			name = Products;
			sourceTree = "<group>";
		};
		39023B3227C10332000A7CD5 /* Mooltifill */ = {
			isa = PBXGroup;
			children = (
				3955D13327C943A000B6FED6 /* Bluetooth */,
				3955D13227C9438000B6FED6 /* Flows */,
				39023B6327C1040A000A7CD5 /* Protocol */,
				39023B3327C10332000A7CD5 /* AppDelegate.swift */,
				39023B3527C10332000A7CD5 /* SceneDelegate.swift */,
				39023B3727C10332000A7CD5 /* ViewController.swift */,
				39023B3927C10332000A7CD5 /* Main.storyboard */,
				39023B3C27C10333000A7CD5 /* Assets.xcassets */,
				39023B3E27C10333000A7CD5 /* LaunchScreen.storyboard */,
				39023B4127C10333000A7CD5 /* Info.plist */,
			);
			path = Mooltifill;
			sourceTree = "<group>";
		};
		39023B4927C10333000A7CD5 /* MooltifillTests */ = {
			isa = PBXGroup;
			children = (
				39023B4A27C10333000A7CD5 /* MooltifillTests.swift */,
			);
			path = MooltifillTests;
			sourceTree = "<group>";
		};
		39023B5327C10333000A7CD5 /* MooltifillUITests */ = {
			isa = PBXGroup;
			children = (
				39023B5427C10333000A7CD5 /* MooltifillUITests.swift */,
				39023B5627C10333000A7CD5 /* MooltifillUITestsLaunchTests.swift */,
			);
			path = MooltifillUITests;
			sourceTree = "<group>";
		};
		39023B6327C1040A000A7CD5 /* Protocol */ = {
			isa = PBXGroup;
			children = (
				39023B6427C10430000A7CD5 /* MooltipassCommand.swift */,
				175993CF3FB20E0D70475C64 /* BleMessageFactory.swift */,
				175992EB83736051FE6CB017 /* MessageFactory.swift */,
				17599C993846AE57744EBECC /* MooltipassPayload.swift */,
				1759976164CF1FDE3595F789 /* MooltipassMessage.swift */,
			);
			path = Protocol;
			sourceTree = "<group>";
		};
		3955D13227C9438000B6FED6 /* Flows */ = {
			isa = PBXGroup;
			children = (
				175993425A909A7F19D47306 /* FlowController.swift */,
				1759925EB558EA3262A1E743 /* PairingFlow.swift */,
			);
			path = Flows;
			sourceTree = "<group>";
		};
		3955D13327C943A000B6FED6 /* Bluetooth */ = {
			isa = PBXGroup;
			children = (
				17599BD74C6563A506876574 /* BluetoothService.swift */,
				175996D1B2F0BB4C39370D49 /* BluetoothEventsHandler.swift */,
				175996A7037C978F79FC8B58 /* BluetoothConnectionHandler.swift */,
			);
			path = Bluetooth;
			sourceTree = "<group>";
		};
/* End PBXGroup section */

/* Begin PBXNativeTarget section */
		39023B2F27C10332000A7CD5 /* Mooltifill */ = {
			isa = PBXNativeTarget;
			buildConfigurationList = 39023B5A27C10333000A7CD5 /* Build configuration list for PBXNativeTarget "Mooltifill" */;
			buildPhases = (
				39023B2C27C10332000A7CD5 /* Sources */,
				39023B2D27C10332000A7CD5 /* Frameworks */,
				39023B2E27C10332000A7CD5 /* Resources */,
			);
			buildRules = (
			);
			dependencies = (
			);
			name = Mooltifill;
			productName = Mooltifill;
			productReference = 39023B3027C10332000A7CD5 /* Mooltifill.app */;
			productType = "com.apple.product-type.application";
		};
		39023B4527C10333000A7CD5 /* MooltifillTests */ = {
			isa = PBXNativeTarget;
			buildConfigurationList = 39023B5D27C10333000A7CD5 /* Build configuration list for PBXNativeTarget "MooltifillTests" */;
			buildPhases = (
				39023B4227C10333000A7CD5 /* Sources */,
				39023B4327C10333000A7CD5 /* Frameworks */,
				39023B4427C10333000A7CD5 /* Resources */,
			);
			buildRules = (
			);
			dependencies = (
				39023B4827C10333000A7CD5 /* PBXTargetDependency */,
			);
			name = MooltifillTests;
			productName = MooltifillTests;
			productReference = 39023B4627C10333000A7CD5 /* MooltifillTests.xctest */;
			productType = "com.apple.product-type.bundle.unit-test";
		};
		39023B4F27C10333000A7CD5 /* MooltifillUITests */ = {
			isa = PBXNativeTarget;
			buildConfigurationList = 39023B6027C10333000A7CD5 /* Build configuration list for PBXNativeTarget "MooltifillUITests" */;
			buildPhases = (
				39023B4C27C10333000A7CD5 /* Sources */,
				39023B4D27C10333000A7CD5 /* Frameworks */,
				39023B4E27C10333000A7CD5 /* Resources */,
			);
			buildRules = (
			);
			dependencies = (
				39023B5227C10333000A7CD5 /* PBXTargetDependency */,
			);
			name = MooltifillUITests;
			productName = MooltifillUITests;
			productReference = 39023B5027C10333000A7CD5 /* MooltifillUITests.xctest */;
			productType = "com.apple.product-type.bundle.ui-testing";
		};
/* End PBXNativeTarget section */

/* Begin PBXProject section */
		39023B2827C10332000A7CD5 /* Project object */ = {
			isa = PBXProject;
			attributes = {
				BuildIndependentTargetsInParallel = 1;
				LastSwiftUpdateCheck = 1320;
				LastUpgradeCheck = 1320;
				TargetAttributes = {
					39023B2F27C10332000A7CD5 = {
						CreatedOnToolsVersion = 13.2.1;
					};
					39023B4527C10333000A7CD5 = {
						CreatedOnToolsVersion = 13.2.1;
						TestTargetID = 39023B2F27C10332000A7CD5;
					};
					39023B4F27C10333000A7CD5 = {
						CreatedOnToolsVersion = 13.2.1;
						TestTargetID = 39023B2F27C10332000A7CD5;
					};
				};
			};
			buildConfigurationList = 39023B2B27C10332000A7CD5 /* Build configuration list for PBXProject "Mooltifill" */;
			compatibilityVersion = "Xcode 13.0";
			developmentRegion = en;
			hasScannedForEncodings = 0;
			knownRegions = (
				en,
				Base,
			);
			mainGroup = 39023B2727C10332000A7CD5;
			productRefGroup = 39023B3127C10332000A7CD5 /* Products */;
			projectDirPath = "";
			projectRoot = "";
			targets = (
				39023B2F27C10332000A7CD5 /* Mooltifill */,
				39023B4527C10333000A7CD5 /* MooltifillTests */,
				39023B4F27C10333000A7CD5 /* MooltifillUITests */,
			);
		};
/* End PBXProject section */

/* Begin PBXResourcesBuildPhase section */
		39023B2E27C10332000A7CD5 /* Resources */ = {
			isa = PBXResourcesBuildPhase;
			buildActionMask = 2147483647;
			files = (
				39023B4027C10333000A7CD5 /* LaunchScreen.storyboard in Resources */,
				39023B3D27C10333000A7CD5 /* Assets.xcassets in Resources */,
				39023B3B27C10332000A7CD5 /* Main.storyboard in Resources */,
			);
			runOnlyForDeploymentPostprocessing = 0;
		};
		39023B4427C10333000A7CD5 /* Resources */ = {
			isa = PBXResourcesBuildPhase;
			buildActionMask = 2147483647;
			files = (
			);
			runOnlyForDeploymentPostprocessing = 0;
		};
		39023B4E27C10333000A7CD5 /* Resources */ = {
			isa = PBXResourcesBuildPhase;
			buildActionMask = 2147483647;
			files = (
			);
			runOnlyForDeploymentPostprocessing = 0;
		};
/* End PBXResourcesBuildPhase section */

/* Begin PBXSourcesBuildPhase section */
		39023B2C27C10332000A7CD5 /* Sources */ = {
			isa = PBXSourcesBuildPhase;
			buildActionMask = 2147483647;
			files = (
				39023B3827C10332000A7CD5 /* ViewController.swift in Sources */,
				39023B3427C10332000A7CD5 /* AppDelegate.swift in Sources */,
				39023B6527C10430000A7CD5 /* MooltipassCommand.swift in Sources */,
				39023B3627C10332000A7CD5 /* SceneDelegate.swift in Sources */,
				1759964F3D8597434054CA5F /* FlowController.swift in Sources */,
				175997AE21D5DC00643560E6 /* BluetoothService.swift in Sources */,
				17599D3BD05BF3F5393430BB /* BluetoothEventsHandler.swift in Sources */,
				1759964620A3785E89D138ED /* BluetoothConnectionHandler.swift in Sources */,
				17599C685200507B989306B2 /* PairingFlow.swift in Sources */,
				17599A6CF83D8B2E8663F70A /* BleMessageFactory.swift in Sources */,
				17599C49631C781970742C9D /* MessageFactory.swift in Sources */,
				1759925362CE7D6189493099 /* MooltipassPayload.swift in Sources */,
				17599205C4E958DBA1B2E1A7 /* MooltipassMessage.swift in Sources */,
			);
			runOnlyForDeploymentPostprocessing = 0;
		};
		39023B4227C10333000A7CD5 /* Sources */ = {
			isa = PBXSourcesBuildPhase;
			buildActionMask = 2147483647;
			files = (
				39023B4B27C10333000A7CD5 /* MooltifillTests.swift in Sources */,
			);
			runOnlyForDeploymentPostprocessing = 0;
		};
		39023B4C27C10333000A7CD5 /* Sources */ = {
			isa = PBXSourcesBuildPhase;
			buildActionMask = 2147483647;
			files = (
				39023B5527C10333000A7CD5 /* MooltifillUITests.swift in Sources */,
				39023B5727C10333000A7CD5 /* MooltifillUITestsLaunchTests.swift in Sources */,
			);
			runOnlyForDeploymentPostprocessing = 0;
		};
/* End PBXSourcesBuildPhase section */

/* Begin PBXTargetDependency section */
		39023B4827C10333000A7CD5 /* PBXTargetDependency */ = {
			isa = PBXTargetDependency;
			target = 39023B2F27C10332000A7CD5 /* Mooltifill */;
			targetProxy = 39023B4727C10333000A7CD5 /* PBXContainerItemProxy */;
		};
		39023B5227C10333000A7CD5 /* PBXTargetDependency */ = {
			isa = PBXTargetDependency;
			target = 39023B2F27C10332000A7CD5 /* Mooltifill */;
			targetProxy = 39023B5127C10333000A7CD5 /* PBXContainerItemProxy */;
		};
/* End PBXTargetDependency section */

/* Begin PBXVariantGroup section */
		39023B3927C10332000A7CD5 /* Main.storyboard */ = {
			isa = PBXVariantGroup;
			children = (
				39023B3A27C10332000A7CD5 /* Base */,
			);
			name = Main.storyboard;
			sourceTree = "<group>";
		};
		39023B3E27C10333000A7CD5 /* LaunchScreen.storyboard */ = {
			isa = PBXVariantGroup;
			children = (
				39023B3F27C10333000A7CD5 /* Base */,
			);
			name = LaunchScreen.storyboard;
			sourceTree = "<group>";
		};
/* End PBXVariantGroup section */

/* Begin XCBuildConfiguration section */
		39023B5827C10333000A7CD5 /* Debug */ = {
			isa = XCBuildConfiguration;
			buildSettings = {
				ALWAYS_SEARCH_USER_PATHS = NO;
				CLANG_ANALYZER_NONNULL = YES;
				CLANG_ANALYZER_NUMBER_OBJECT_CONVERSION = YES_AGGRESSIVE;
				CLANG_CXX_LANGUAGE_STANDARD = "gnu++17";
				CLANG_CXX_LIBRARY = "libc++";
				CLANG_ENABLE_MODULES = YES;
				CLANG_ENABLE_OBJC_ARC = YES;
				CLANG_ENABLE_OBJC_WEAK = YES;
				CLANG_WARN_BLOCK_CAPTURE_AUTORELEASING = YES;
				CLANG_WARN_BOOL_CONVERSION = YES;
				CLANG_WARN_COMMA = YES;
				CLANG_WARN_CONSTANT_CONVERSION = YES;
				CLANG_WARN_DEPRECATED_OBJC_IMPLEMENTATIONS = YES;
				CLANG_WARN_DIRECT_OBJC_ISA_USAGE = YES_ERROR;
				CLANG_WARN_DOCUMENTATION_COMMENTS = YES;
				CLANG_WARN_EMPTY_BODY = YES;
				CLANG_WARN_ENUM_CONVERSION = YES;
				CLANG_WARN_INFINITE_RECURSION = YES;
				CLANG_WARN_INT_CONVERSION = YES;
				CLANG_WARN_NON_LITERAL_NULL_CONVERSION = YES;
				CLANG_WARN_OBJC_IMPLICIT_RETAIN_SELF = YES;
				CLANG_WARN_OBJC_LITERAL_CONVERSION = YES;
				CLANG_WARN_OBJC_ROOT_CLASS = YES_ERROR;
				CLANG_WARN_QUOTED_INCLUDE_IN_FRAMEWORK_HEADER = YES;
				CLANG_WARN_RANGE_LOOP_ANALYSIS = YES;
				CLANG_WARN_STRICT_PROTOTYPES = YES;
				CLANG_WARN_SUSPICIOUS_MOVE = YES;
				CLANG_WARN_UNGUARDED_AVAILABILITY = YES_AGGRESSIVE;
				CLANG_WARN_UNREACHABLE_CODE = YES;
				CLANG_WARN__DUPLICATE_METHOD_MATCH = YES;
				COPY_PHASE_STRIP = NO;
				DEBUG_INFORMATION_FORMAT = dwarf;
				ENABLE_STRICT_OBJC_MSGSEND = YES;
				ENABLE_TESTABILITY = YES;
				GCC_C_LANGUAGE_STANDARD = gnu11;
				GCC_DYNAMIC_NO_PIC = NO;
				GCC_NO_COMMON_BLOCKS = YES;
				GCC_OPTIMIZATION_LEVEL = 0;
				GCC_PREPROCESSOR_DEFINITIONS = (
					"DEBUG=1",
					"$(inherited)",
				);
				GCC_WARN_64_TO_32_BIT_CONVERSION = YES;
				GCC_WARN_ABOUT_RETURN_TYPE = YES_ERROR;
				GCC_WARN_UNDECLARED_SELECTOR = YES;
				GCC_WARN_UNINITIALIZED_AUTOS = YES_AGGRESSIVE;
				GCC_WARN_UNUSED_FUNCTION = YES;
				GCC_WARN_UNUSED_VARIABLE = YES;
				IPHONEOS_DEPLOYMENT_TARGET = 15.2;
				MTL_ENABLE_DEBUG_INFO = INCLUDE_SOURCE;
				MTL_FAST_MATH = YES;
				ONLY_ACTIVE_ARCH = YES;
				SDKROOT = iphoneos;
				SWIFT_ACTIVE_COMPILATION_CONDITIONS = DEBUG;
				SWIFT_OPTIMIZATION_LEVEL = "-Onone";
			};
			name = Debug;
		};
		39023B5927C10333000A7CD5 /* Release */ = {
			isa = XCBuildConfiguration;
			buildSettings = {
				ALWAYS_SEARCH_USER_PATHS = NO;
				CLANG_ANALYZER_NONNULL = YES;
				CLANG_ANALYZER_NUMBER_OBJECT_CONVERSION = YES_AGGRESSIVE;
				CLANG_CXX_LANGUAGE_STANDARD = "gnu++17";
				CLANG_CXX_LIBRARY = "libc++";
				CLANG_ENABLE_MODULES = YES;
				CLANG_ENABLE_OBJC_ARC = YES;
				CLANG_ENABLE_OBJC_WEAK = YES;
				CLANG_WARN_BLOCK_CAPTURE_AUTORELEASING = YES;
				CLANG_WARN_BOOL_CONVERSION = YES;
				CLANG_WARN_COMMA = YES;
				CLANG_WARN_CONSTANT_CONVERSION = YES;
				CLANG_WARN_DEPRECATED_OBJC_IMPLEMENTATIONS = YES;
				CLANG_WARN_DIRECT_OBJC_ISA_USAGE = YES_ERROR;
				CLANG_WARN_DOCUMENTATION_COMMENTS = YES;
				CLANG_WARN_EMPTY_BODY = YES;
				CLANG_WARN_ENUM_CONVERSION = YES;
				CLANG_WARN_INFINITE_RECURSION = YES;
				CLANG_WARN_INT_CONVERSION = YES;
				CLANG_WARN_NON_LITERAL_NULL_CONVERSION = YES;
				CLANG_WARN_OBJC_IMPLICIT_RETAIN_SELF = YES;
				CLANG_WARN_OBJC_LITERAL_CONVERSION = YES;
				CLANG_WARN_OBJC_ROOT_CLASS = YES_ERROR;
				CLANG_WARN_QUOTED_INCLUDE_IN_FRAMEWORK_HEADER = YES;
				CLANG_WARN_RANGE_LOOP_ANALYSIS = YES;
				CLANG_WARN_STRICT_PROTOTYPES = YES;
				CLANG_WARN_SUSPICIOUS_MOVE = YES;
				CLANG_WARN_UNGUARDED_AVAILABILITY = YES_AGGRESSIVE;
				CLANG_WARN_UNREACHABLE_CODE = YES;
				CLANG_WARN__DUPLICATE_METHOD_MATCH = YES;
				COPY_PHASE_STRIP = NO;
				DEBUG_INFORMATION_FORMAT = "dwarf-with-dsym";
				ENABLE_NS_ASSERTIONS = NO;
				ENABLE_STRICT_OBJC_MSGSEND = YES;
				GCC_C_LANGUAGE_STANDARD = gnu11;
				GCC_NO_COMMON_BLOCKS = YES;
				GCC_WARN_64_TO_32_BIT_CONVERSION = YES;
				GCC_WARN_ABOUT_RETURN_TYPE = YES_ERROR;
				GCC_WARN_UNDECLARED_SELECTOR = YES;
				GCC_WARN_UNINITIALIZED_AUTOS = YES_AGGRESSIVE;
				GCC_WARN_UNUSED_FUNCTION = YES;
				GCC_WARN_UNUSED_VARIABLE = YES;
				IPHONEOS_DEPLOYMENT_TARGET = 15.2;
				MTL_ENABLE_DEBUG_INFO = NO;
				MTL_FAST_MATH = YES;
				SDKROOT = iphoneos;
				SWIFT_COMPILATION_MODE = wholemodule;
				SWIFT_OPTIMIZATION_LEVEL = "-O";
				VALIDATE_PRODUCT = YES;
			};
			name = Release;
		};
		39023B5B27C10333000A7CD5 /* Debug */ = {
			isa = XCBuildConfiguration;
			buildSettings = {
				ASSETCATALOG_COMPILER_APPICON_NAME = AppIcon;
				ASSETCATALOG_COMPILER_GLOBAL_ACCENT_COLOR_NAME = AccentColor;
				CODE_SIGN_STYLE = Automatic;
				CURRENT_PROJECT_VERSION = 1;
				DEVELOPMENT_TEAM = 9MTYZH884P;
				GENERATE_INFOPLIST_FILE = YES;
				INFOPLIST_FILE = Mooltifill/Info.plist;
				INFOPLIST_KEY_NSBluetoothAlwaysUsageDescription = "Mooltifill needs to access Bluetooth in order to connect to your Mooltipass";
				INFOPLIST_KEY_UIApplicationSupportsIndirectInputEvents = YES;
				INFOPLIST_KEY_UILaunchStoryboardName = LaunchScreen;
				INFOPLIST_KEY_UIMainStoryboardFile = Main;
				INFOPLIST_KEY_UISupportedInterfaceOrientations_iPad = "UIInterfaceOrientationPortrait UIInterfaceOrientationPortraitUpsideDown UIInterfaceOrientationLandscapeLeft UIInterfaceOrientationLandscapeRight";
				INFOPLIST_KEY_UISupportedInterfaceOrientations_iPhone = "UIInterfaceOrientationPortrait UIInterfaceOrientationLandscapeLeft UIInterfaceOrientationLandscapeRight";
				LD_RUNPATH_SEARCH_PATHS = (
					"$(inherited)",
					"@executable_path/Frameworks",
				);
				MARKETING_VERSION = 1.0;
				PRODUCT_BUNDLE_IDENTIFIER = com.themooltipass.Mooltifill;
				PRODUCT_NAME = "$(TARGET_NAME)";
				SWIFT_EMIT_LOC_STRINGS = YES;
				SWIFT_VERSION = 5.0;
				TARGETED_DEVICE_FAMILY = "1,2";
			};
			name = Debug;
		};
		39023B5C27C10333000A7CD5 /* Release */ = {
			isa = XCBuildConfiguration;
			buildSettings = {
				ASSETCATALOG_COMPILER_APPICON_NAME = AppIcon;
				ASSETCATALOG_COMPILER_GLOBAL_ACCENT_COLOR_NAME = AccentColor;
				CODE_SIGN_STYLE = Automatic;
				CURRENT_PROJECT_VERSION = 1;
				DEVELOPMENT_TEAM = 9MTYZH884P;
				GENERATE_INFOPLIST_FILE = YES;
				INFOPLIST_FILE = Mooltifill/Info.plist;
				INFOPLIST_KEY_NSBluetoothAlwaysUsageDescription = "Mooltifill needs to access Bluetooth in order to connect to your Mooltipass";
				INFOPLIST_KEY_UIApplicationSupportsIndirectInputEvents = YES;
				INFOPLIST_KEY_UILaunchStoryboardName = LaunchScreen;
				INFOPLIST_KEY_UIMainStoryboardFile = Main;
				INFOPLIST_KEY_UISupportedInterfaceOrientations_iPad = "UIInterfaceOrientationPortrait UIInterfaceOrientationPortraitUpsideDown UIInterfaceOrientationLandscapeLeft UIInterfaceOrientationLandscapeRight";
				INFOPLIST_KEY_UISupportedInterfaceOrientations_iPhone = "UIInterfaceOrientationPortrait UIInterfaceOrientationLandscapeLeft UIInterfaceOrientationLandscapeRight";
				LD_RUNPATH_SEARCH_PATHS = (
					"$(inherited)",
					"@executable_path/Frameworks",
				);
				MARKETING_VERSION = 1.0;
				PRODUCT_BUNDLE_IDENTIFIER = com.themooltipass.Mooltifill;
				PRODUCT_NAME = "$(TARGET_NAME)";
				SWIFT_EMIT_LOC_STRINGS = YES;
				SWIFT_VERSION = 5.0;
				TARGETED_DEVICE_FAMILY = "1,2";
			};
			name = Release;
		};
		39023B5E27C10333000A7CD5 /* Debug */ = {
			isa = XCBuildConfiguration;
			buildSettings = {
				ALWAYS_EMBED_SWIFT_STANDARD_LIBRARIES = YES;
				BUNDLE_LOADER = "$(TEST_HOST)";
				CODE_SIGN_STYLE = Automatic;
				CURRENT_PROJECT_VERSION = 1;
				DEVELOPMENT_TEAM = 9MTYZH884P;
				GENERATE_INFOPLIST_FILE = YES;
				IPHONEOS_DEPLOYMENT_TARGET = 15.2;
				MARKETING_VERSION = 1.0;
				PRODUCT_BUNDLE_IDENTIFIER = com.themooltipass.MooltifillTests;
				PRODUCT_NAME = "$(TARGET_NAME)";
				SWIFT_EMIT_LOC_STRINGS = NO;
				SWIFT_VERSION = 5.0;
				TARGETED_DEVICE_FAMILY = "1,2";
				TEST_HOST = "$(BUILT_PRODUCTS_DIR)/Mooltifill.app/Mooltifill";
			};
			name = Debug;
		};
		39023B5F27C10333000A7CD5 /* Release */ = {
			isa = XCBuildConfiguration;
			buildSettings = {
				ALWAYS_EMBED_SWIFT_STANDARD_LIBRARIES = YES;
				BUNDLE_LOADER = "$(TEST_HOST)";
				CODE_SIGN_STYLE = Automatic;
				CURRENT_PROJECT_VERSION = 1;
				DEVELOPMENT_TEAM = 9MTYZH884P;
				GENERATE_INFOPLIST_FILE = YES;
				IPHONEOS_DEPLOYMENT_TARGET = 15.2;
				MARKETING_VERSION = 1.0;
				PRODUCT_BUNDLE_IDENTIFIER = com.themooltipass.MooltifillTests;
				PRODUCT_NAME = "$(TARGET_NAME)";
				SWIFT_EMIT_LOC_STRINGS = NO;
				SWIFT_VERSION = 5.0;
				TARGETED_DEVICE_FAMILY = "1,2";
				TEST_HOST = "$(BUILT_PRODUCTS_DIR)/Mooltifill.app/Mooltifill";
			};
			name = Release;
		};
		39023B6127C10333000A7CD5 /* Debug */ = {
			isa = XCBuildConfiguration;
			buildSettings = {
				ALWAYS_EMBED_SWIFT_STANDARD_LIBRARIES = YES;
				CODE_SIGN_STYLE = Automatic;
				CURRENT_PROJECT_VERSION = 1;
				DEVELOPMENT_TEAM = 9MTYZH884P;
				GENERATE_INFOPLIST_FILE = YES;
				MARKETING_VERSION = 1.0;
				PRODUCT_BUNDLE_IDENTIFIER = com.themooltipass.MooltifillUITests;
				PRODUCT_NAME = "$(TARGET_NAME)";
				SWIFT_EMIT_LOC_STRINGS = NO;
				SWIFT_VERSION = 5.0;
				TARGETED_DEVICE_FAMILY = "1,2";
				TEST_TARGET_NAME = Mooltifill;
			};
			name = Debug;
		};
		39023B6227C10333000A7CD5 /* Release */ = {
			isa = XCBuildConfiguration;
			buildSettings = {
				ALWAYS_EMBED_SWIFT_STANDARD_LIBRARIES = YES;
				CODE_SIGN_STYLE = Automatic;
				CURRENT_PROJECT_VERSION = 1;
				DEVELOPMENT_TEAM = 9MTYZH884P;
				GENERATE_INFOPLIST_FILE = YES;
				MARKETING_VERSION = 1.0;
				PRODUCT_BUNDLE_IDENTIFIER = com.themooltipass.MooltifillUITests;
				PRODUCT_NAME = "$(TARGET_NAME)";
				SWIFT_EMIT_LOC_STRINGS = NO;
				SWIFT_VERSION = 5.0;
				TARGETED_DEVICE_FAMILY = "1,2";
				TEST_TARGET_NAME = Mooltifill;
			};
			name = Release;
		};
/* End XCBuildConfiguration section */

/* Begin XCConfigurationList section */
		39023B2B27C10332000A7CD5 /* Build configuration list for PBXProject "Mooltifill" */ = {
			isa = XCConfigurationList;
			buildConfigurations = (
				39023B5827C10333000A7CD5 /* Debug */,
				39023B5927C10333000A7CD5 /* Release */,
			);
			defaultConfigurationIsVisible = 0;
			defaultConfigurationName = Release;
		};
		39023B5A27C10333000A7CD5 /* Build configuration list for PBXNativeTarget "Mooltifill" */ = {
			isa = XCConfigurationList;
			buildConfigurations = (
				39023B5B27C10333000A7CD5 /* Debug */,
				39023B5C27C10333000A7CD5 /* Release */,
			);
			defaultConfigurationIsVisible = 0;
			defaultConfigurationName = Release;
		};
		39023B5D27C10333000A7CD5 /* Build configuration list for PBXNativeTarget "MooltifillTests" */ = {
			isa = XCConfigurationList;
			buildConfigurations = (
				39023B5E27C10333000A7CD5 /* Debug */,
				39023B5F27C10333000A7CD5 /* Release */,
			);
			defaultConfigurationIsVisible = 0;
			defaultConfigurationName = Release;
		};
		39023B6027C10333000A7CD5 /* Build configuration list for PBXNativeTarget "MooltifillUITests" */ = {
			isa = XCConfigurationList;
			buildConfigurations = (
				39023B6127C10333000A7CD5 /* Debug */,
				39023B6227C10333000A7CD5 /* Release */,
			);
			defaultConfigurationIsVisible = 0;
			defaultConfigurationName = Release;
		};
/* End XCConfigurationList section */
	};
	rootObject = 39023B2827C10332000A7CD5 /* Project object */;
}
