// !$*UTF8*$!
{
	archiveVersion = 1;
	classes = {
	};
	objectVersion = 55;
	objects = {

/* Begin PBXBuildFile section */
		39023B3427C10332000A7CD5 /* App.swift in Sources */ = {isa = PBXBuildFile; fileRef = 39023B3327C10332000A7CD5 /* App.swift */; };
		39023B3D27C10333000A7CD5 /* Assets.xcassets in Resources */ = {isa = PBXBuildFile; fileRef = 39023B3C27C10333000A7CD5 /* Assets.xcassets */; };
		39023B4B27C10333000A7CD5 /* MooltifillTests.swift in Sources */ = {isa = PBXBuildFile; fileRef = 39023B4A27C10333000A7CD5 /* MooltifillTests.swift */; };
		39023B5527C10333000A7CD5 /* MooltifillUITests.swift in Sources */ = {isa = PBXBuildFile; fileRef = 39023B5427C10333000A7CD5 /* MooltifillUITests.swift */; };
		39023B5727C10333000A7CD5 /* MooltifillUITestsLaunchTests.swift in Sources */ = {isa = PBXBuildFile; fileRef = 39023B5627C10333000A7CD5 /* MooltifillUITestsLaunchTests.swift */; };
		392426AE29895CE60082AA7F /* GetPasswordView.swift in Sources */ = {isa = PBXBuildFile; fileRef = 392426AD29895CE60082AA7F /* GetPasswordView.swift */; };
		392426B129895F8A0082AA7F /* GetCredentialsModel.swift in Sources */ = {isa = PBXBuildFile; fileRef = 392426B029895F8A0082AA7F /* GetCredentialsModel.swift */; };
		392426B3298A82480082AA7F /* MooltipassAwareView.swift in Sources */ = {isa = PBXBuildFile; fileRef = 392426B2298A82480082AA7F /* MooltipassAwareView.swift */; };
		392426B5298A827A0082AA7F /* MooltipassAwareModel.swift in Sources */ = {isa = PBXBuildFile; fileRef = 392426B4298A827A0082AA7F /* MooltipassAwareModel.swift */; };
		392426BB298A85260082AA7F /* ContainerViewExtension.swift in Sources */ = {isa = PBXBuildFile; fileRef = 392426BA298A85260082AA7F /* ContainerViewExtension.swift */; };
		392426BD298A860F0082AA7F /* ContainerViewProtocol.swift in Sources */ = {isa = PBXBuildFile; fileRef = 392426BC298A860F0082AA7F /* ContainerViewProtocol.swift */; };
		392426BF298A9A1B0082AA7F /* BluetoothDisabledView.swift in Sources */ = {isa = PBXBuildFile; fileRef = 392426BE298A9A1B0082AA7F /* BluetoothDisabledView.swift */; };
		392426C1298A9A360082AA7F /* DeviceNotConnectedView.swift in Sources */ = {isa = PBXBuildFile; fileRef = 392426C0298A9A360082AA7F /* DeviceNotConnectedView.swift */; };
		392426C4298A9B1C0082AA7F /* CheckAgainButton.swift in Sources */ = {isa = PBXBuildFile; fileRef = 392426C3298A9B1C0082AA7F /* CheckAgainButton.swift */; };
		392426C6298A9D130082AA7F /* DeviceLockedView.swift in Sources */ = {isa = PBXBuildFile; fileRef = 392426C5298A9D130082AA7F /* DeviceLockedView.swift */; };
		392426C8298A9E3D0082AA7F /* OpenBluetoothSettingsButton.swift in Sources */ = {isa = PBXBuildFile; fileRef = 392426C7298A9E3D0082AA7F /* OpenBluetoothSettingsButton.swift */; };
		392426CA298AA7450082AA7F /* CopieableValueLable.swift in Sources */ = {isa = PBXBuildFile; fileRef = 392426C9298AA7450082AA7F /* CopieableValueLable.swift */; };
		3942D3FE2805837B00EF72F3 /* AuthenticationServices.framework in Frameworks */ = {isa = PBXBuildFile; fileRef = 3942D3FD2805837B00EF72F3 /* AuthenticationServices.framework */; };
		3942D404280583C400EF72F3 /* AuthenticationServices.framework in Frameworks */ = {isa = PBXBuildFile; fileRef = 3942D3FD2805837B00EF72F3 /* AuthenticationServices.framework */; };
		3942D407280583C400EF72F3 /* CredentialProviderViewController.swift in Sources */ = {isa = PBXBuildFile; fileRef = 3942D406280583C400EF72F3 /* CredentialProviderViewController.swift */; };
		3942D40A280583C400EF72F3 /* MainInterface.storyboard in Resources */ = {isa = PBXBuildFile; fileRef = 3942D408280583C400EF72F3 /* MainInterface.storyboard */; };
		3942D40F280583C400EF72F3 /* MooltifillAuthProvider.appex in Embed App Extensions */ = {isa = PBXBuildFile; fileRef = 3942D403280583C400EF72F3 /* MooltifillAuthProvider.appex */; settings = {ATTRIBUTES = (RemoveHeadersOnCopy, ); }; };
		3942D4152805843400EF72F3 /* BleManager.swift in Sources */ = {isa = PBXBuildFile; fileRef = 3942D4142805843400EF72F3 /* BleManager.swift */; };
		39639E8A29A0DDB5009B9B47 /* DomainParser.xcframework in Frameworks */ = {isa = PBXBuildFile; fileRef = 39639E8929A0DDB4009B9B47 /* DomainParser.xcframework */; };
		39639E8B29A0DDB5009B9B47 /* DomainParser.xcframework in Embed Frameworks */ = {isa = PBXBuildFile; fileRef = 39639E8929A0DDB4009B9B47 /* DomainParser.xcframework */; settings = {ATTRIBUTES = (CodeSignOnCopy, RemoveHeadersOnCopy, ); }; };
		39639E8D29A0DDBE009B9B47 /* DomainParser.xcframework in Frameworks */ = {isa = PBXBuildFile; fileRef = 39639E8929A0DDB4009B9B47 /* DomainParser.xcframework */; };
		397556F129C5CE0B00B5B279 /* BluetoothConnection.swift in Sources */ = {isa = PBXBuildFile; fileRef = 397556F029C5CE0B00B5B279 /* BluetoothConnection.swift */; };
		397556F229C5CE0B00B5B279 /* BluetoothConnection.swift in Sources */ = {isa = PBXBuildFile; fileRef = 397556F029C5CE0B00B5B279 /* BluetoothConnection.swift */; };
		397556F329C5CE0B00B5B279 /* BluetoothConnection.swift in Sources */ = {isa = PBXBuildFile; fileRef = 397556F029C5CE0B00B5B279 /* BluetoothConnection.swift */; };
		397556F429C5CE0B00B5B279 /* BluetoothConnection.swift in Sources */ = {isa = PBXBuildFile; fileRef = 397556F029C5CE0B00B5B279 /* BluetoothConnection.swift */; };
		397556F629C5CE2500B5B279 /* BluetoothEventHandler.swift in Sources */ = {isa = PBXBuildFile; fileRef = 397556F529C5CE2500B5B279 /* BluetoothEventHandler.swift */; };
		397556F729C5CE2500B5B279 /* BluetoothEventHandler.swift in Sources */ = {isa = PBXBuildFile; fileRef = 397556F529C5CE2500B5B279 /* BluetoothEventHandler.swift */; };
		397556F829C5CE2500B5B279 /* BluetoothEventHandler.swift in Sources */ = {isa = PBXBuildFile; fileRef = 397556F529C5CE2500B5B279 /* BluetoothEventHandler.swift */; };
		397556F929C5CE2500B5B279 /* BluetoothEventHandler.swift in Sources */ = {isa = PBXBuildFile; fileRef = 397556F529C5CE2500B5B279 /* BluetoothEventHandler.swift */; };
		397556FB29C5CE4200B5B279 /* MooltipassBleManager.swift in Sources */ = {isa = PBXBuildFile; fileRef = 397556FA29C5CE4200B5B279 /* MooltipassBleManager.swift */; };
		397556FC29C5CE4200B5B279 /* MooltipassBleManager.swift in Sources */ = {isa = PBXBuildFile; fileRef = 397556FA29C5CE4200B5B279 /* MooltipassBleManager.swift */; };
		397556FD29C5CE4200B5B279 /* MooltipassBleManager.swift in Sources */ = {isa = PBXBuildFile; fileRef = 397556FA29C5CE4200B5B279 /* MooltipassBleManager.swift */; };
		397556FE29C5CE4200B5B279 /* MooltipassBleManager.swift in Sources */ = {isa = PBXBuildFile; fileRef = 397556FA29C5CE4200B5B279 /* MooltipassBleManager.swift */; };
		3975570129C5CE6E00B5B279 /* MooltipassCredential.swift in Sources */ = {isa = PBXBuildFile; fileRef = 3975570029C5CE6E00B5B279 /* MooltipassCredential.swift */; };
		3975570229C5CE6E00B5B279 /* MooltipassCredential.swift in Sources */ = {isa = PBXBuildFile; fileRef = 3975570029C5CE6E00B5B279 /* MooltipassCredential.swift */; };
		3975570329C5CE6E00B5B279 /* MooltipassCredential.swift in Sources */ = {isa = PBXBuildFile; fileRef = 3975570029C5CE6E00B5B279 /* MooltipassCredential.swift */; };
		3975570429C5CE6E00B5B279 /* MooltipassCredential.swift in Sources */ = {isa = PBXBuildFile; fileRef = 3975570029C5CE6E00B5B279 /* MooltipassCredential.swift */; };
		3975570629C5CE9100B5B279 /* MooltipassBleDelegate.swift in Sources */ = {isa = PBXBuildFile; fileRef = 3975570529C5CE9100B5B279 /* MooltipassBleDelegate.swift */; };
		3975570729C5CE9100B5B279 /* MooltipassBleDelegate.swift in Sources */ = {isa = PBXBuildFile; fileRef = 3975570529C5CE9100B5B279 /* MooltipassBleDelegate.swift */; };
		3975570829C5CE9100B5B279 /* MooltipassBleDelegate.swift in Sources */ = {isa = PBXBuildFile; fileRef = 3975570529C5CE9100B5B279 /* MooltipassBleDelegate.swift */; };
		3975570929C5CE9100B5B279 /* MooltipassBleDelegate.swift in Sources */ = {isa = PBXBuildFile; fileRef = 3975570529C5CE9100B5B279 /* MooltipassBleDelegate.swift */; };
		3975570C29C5CEB800B5B279 /* BleMessageFactory.swift in Sources */ = {isa = PBXBuildFile; fileRef = 3975570B29C5CEB800B5B279 /* BleMessageFactory.swift */; };
		3975570D29C5CEB800B5B279 /* BleMessageFactory.swift in Sources */ = {isa = PBXBuildFile; fileRef = 3975570B29C5CEB800B5B279 /* BleMessageFactory.swift */; };
		3975570E29C5CEB800B5B279 /* BleMessageFactory.swift in Sources */ = {isa = PBXBuildFile; fileRef = 3975570B29C5CEB800B5B279 /* BleMessageFactory.swift */; };
		3975570F29C5CEB800B5B279 /* BleMessageFactory.swift in Sources */ = {isa = PBXBuildFile; fileRef = 3975570B29C5CEB800B5B279 /* BleMessageFactory.swift */; };
		3975571129C5CECA00B5B279 /* MessageFactory.swift in Sources */ = {isa = PBXBuildFile; fileRef = 3975571029C5CECA00B5B279 /* MessageFactory.swift */; };
		3975571229C5CECA00B5B279 /* MessageFactory.swift in Sources */ = {isa = PBXBuildFile; fileRef = 3975571029C5CECA00B5B279 /* MessageFactory.swift */; };
		3975571329C5CECA00B5B279 /* MessageFactory.swift in Sources */ = {isa = PBXBuildFile; fileRef = 3975571029C5CECA00B5B279 /* MessageFactory.swift */; };
		3975571429C5CECA00B5B279 /* MessageFactory.swift in Sources */ = {isa = PBXBuildFile; fileRef = 3975571029C5CECA00B5B279 /* MessageFactory.swift */; };
		3975571629C5CEE100B5B279 /* MooltipassCommand.swift in Sources */ = {isa = PBXBuildFile; fileRef = 3975571529C5CEE100B5B279 /* MooltipassCommand.swift */; };
		3975571729C5CEE100B5B279 /* MooltipassCommand.swift in Sources */ = {isa = PBXBuildFile; fileRef = 3975571529C5CEE100B5B279 /* MooltipassCommand.swift */; };
		3975571829C5CEE100B5B279 /* MooltipassCommand.swift in Sources */ = {isa = PBXBuildFile; fileRef = 3975571529C5CEE100B5B279 /* MooltipassCommand.swift */; };
		3975571929C5CEE100B5B279 /* MooltipassCommand.swift in Sources */ = {isa = PBXBuildFile; fileRef = 3975571529C5CEE100B5B279 /* MooltipassCommand.swift */; };
		3975571B29C5CF0600B5B279 /* MooltipassMessage.swift in Sources */ = {isa = PBXBuildFile; fileRef = 3975571A29C5CF0600B5B279 /* MooltipassMessage.swift */; };
		3975571C29C5CF0600B5B279 /* MooltipassMessage.swift in Sources */ = {isa = PBXBuildFile; fileRef = 3975571A29C5CF0600B5B279 /* MooltipassMessage.swift */; };
		3975571D29C5CF0600B5B279 /* MooltipassMessage.swift in Sources */ = {isa = PBXBuildFile; fileRef = 3975571A29C5CF0600B5B279 /* MooltipassMessage.swift */; };
		3975571E29C5CF0600B5B279 /* MooltipassMessage.swift in Sources */ = {isa = PBXBuildFile; fileRef = 3975571A29C5CF0600B5B279 /* MooltipassMessage.swift */; };
		3975572029C5CF1900B5B279 /* MooltipassPayload.swift in Sources */ = {isa = PBXBuildFile; fileRef = 3975571F29C5CF1900B5B279 /* MooltipassPayload.swift */; };
		3975572129C5CF1900B5B279 /* MooltipassPayload.swift in Sources */ = {isa = PBXBuildFile; fileRef = 3975571F29C5CF1900B5B279 /* MooltipassPayload.swift */; };
		3975572229C5CF1900B5B279 /* MooltipassPayload.swift in Sources */ = {isa = PBXBuildFile; fileRef = 3975571F29C5CF1900B5B279 /* MooltipassPayload.swift */; };
		3975572329C5CF1900B5B279 /* MooltipassPayload.swift in Sources */ = {isa = PBXBuildFile; fileRef = 3975571F29C5CF1900B5B279 /* MooltipassPayload.swift */; };
		39A75EC628058D6900E65042 /* BleManager.swift in Sources */ = {isa = PBXBuildFile; fileRef = 39A75EC528058D6900E65042 /* BleManager.swift */; };
/* End PBXBuildFile section */

/* Begin PBXContainerItemProxy section */
		39023B4727C10333000A7CD5 /* PBXContainerItemProxy */ = {
			isa = PBXContainerItemProxy;
			containerPortal = 39023B2827C10332000A7CD5 /* Project object */;
			proxyType = 1;
			remoteGlobalIDString = 39023B2F27C10332000A7CD5;
			remoteInfo = Mooltifill;
		};
		39023B5127C10333000A7CD5 /* PBXContainerItemProxy */ = {
			isa = PBXContainerItemProxy;
			containerPortal = 39023B2827C10332000A7CD5 /* Project object */;
			proxyType = 1;
			remoteGlobalIDString = 39023B2F27C10332000A7CD5;
			remoteInfo = Mooltifill;
		};
		3942D40D280583C400EF72F3 /* PBXContainerItemProxy */ = {
			isa = PBXContainerItemProxy;
			containerPortal = 39023B2827C10332000A7CD5 /* Project object */;
			proxyType = 1;
			remoteGlobalIDString = 3942D402280583C400EF72F3;
			remoteInfo = MooltifillAuthProvider;
		};
/* End PBXContainerItemProxy section */

/* Begin PBXCopyFilesBuildPhase section */
		3942D413280583C400EF72F3 /* Embed App Extensions */ = {
			isa = PBXCopyFilesBuildPhase;
			buildActionMask = 2147483647;
			dstPath = "";
			dstSubfolderSpec = 13;
			files = (
				3942D40F280583C400EF72F3 /* MooltifillAuthProvider.appex in Embed App Extensions */,
			);
			name = "Embed App Extensions";
			runOnlyForDeploymentPostprocessing = 0;
		};
		39639E8C29A0DDB5009B9B47 /* Embed Frameworks */ = {
			isa = PBXCopyFilesBuildPhase;
			buildActionMask = 2147483647;
			dstPath = "";
			dstSubfolderSpec = 10;
			files = (
				39639E8B29A0DDB5009B9B47 /* DomainParser.xcframework in Embed Frameworks */,
			);
			name = "Embed Frameworks";
			runOnlyForDeploymentPostprocessing = 0;
		};
		39639E8F29A0DDBE009B9B47 /* Embed Frameworks */ = {
			isa = PBXCopyFilesBuildPhase;
			buildActionMask = 2147483647;
			dstPath = "";
			dstSubfolderSpec = 10;
			files = (
			);
			name = "Embed Frameworks";
			runOnlyForDeploymentPostprocessing = 0;
		};
/* End PBXCopyFilesBuildPhase section */

/* Begin PBXFileReference section */
		39023B3027C10332000A7CD5 /* Mooltifill.app */ = {isa = PBXFileReference; explicitFileType = wrapper.application; includeInIndex = 0; path = Mooltifill.app; sourceTree = BUILT_PRODUCTS_DIR; };
		39023B3327C10332000A7CD5 /* App.swift */ = {isa = PBXFileReference; lastKnownFileType = sourcecode.swift; path = App.swift; sourceTree = "<group>"; };
		39023B3C27C10333000A7CD5 /* Assets.xcassets */ = {isa = PBXFileReference; lastKnownFileType = folder.assetcatalog; path = Assets.xcassets; sourceTree = "<group>"; };
		39023B4127C10333000A7CD5 /* Info.plist */ = {isa = PBXFileReference; lastKnownFileType = text.plist.xml; path = Info.plist; sourceTree = "<group>"; };
		39023B4627C10333000A7CD5 /* MooltifillTests.xctest */ = {isa = PBXFileReference; explicitFileType = wrapper.cfbundle; includeInIndex = 0; path = MooltifillTests.xctest; sourceTree = BUILT_PRODUCTS_DIR; };
		39023B4A27C10333000A7CD5 /* MooltifillTests.swift */ = {isa = PBXFileReference; lastKnownFileType = sourcecode.swift; path = MooltifillTests.swift; sourceTree = "<group>"; };
		39023B5027C10333000A7CD5 /* MooltifillUITests.xctest */ = {isa = PBXFileReference; explicitFileType = wrapper.cfbundle; includeInIndex = 0; path = MooltifillUITests.xctest; sourceTree = BUILT_PRODUCTS_DIR; };
		39023B5427C10333000A7CD5 /* MooltifillUITests.swift */ = {isa = PBXFileReference; lastKnownFileType = sourcecode.swift; path = MooltifillUITests.swift; sourceTree = "<group>"; };
		39023B5627C10333000A7CD5 /* MooltifillUITestsLaunchTests.swift */ = {isa = PBXFileReference; lastKnownFileType = sourcecode.swift; path = MooltifillUITestsLaunchTests.swift; sourceTree = "<group>"; };
		392426AD29895CE60082AA7F /* GetPasswordView.swift */ = {isa = PBXFileReference; lastKnownFileType = sourcecode.swift; path = GetPasswordView.swift; sourceTree = "<group>"; };
		392426B029895F8A0082AA7F /* GetCredentialsModel.swift */ = {isa = PBXFileReference; lastKnownFileType = sourcecode.swift; path = GetCredentialsModel.swift; sourceTree = "<group>"; };
		392426B2298A82480082AA7F /* MooltipassAwareView.swift */ = {isa = PBXFileReference; lastKnownFileType = sourcecode.swift; path = MooltipassAwareView.swift; sourceTree = "<group>"; };
		392426B4298A827A0082AA7F /* MooltipassAwareModel.swift */ = {isa = PBXFileReference; lastKnownFileType = sourcecode.swift; path = MooltipassAwareModel.swift; sourceTree = "<group>"; };
		392426BA298A85260082AA7F /* ContainerViewExtension.swift */ = {isa = PBXFileReference; lastKnownFileType = sourcecode.swift; path = ContainerViewExtension.swift; sourceTree = "<group>"; };
		392426BC298A860F0082AA7F /* ContainerViewProtocol.swift */ = {isa = PBXFileReference; lastKnownFileType = sourcecode.swift; path = ContainerViewProtocol.swift; sourceTree = "<group>"; };
		392426BE298A9A1B0082AA7F /* BluetoothDisabledView.swift */ = {isa = PBXFileReference; lastKnownFileType = sourcecode.swift; path = BluetoothDisabledView.swift; sourceTree = "<group>"; };
		392426C0298A9A360082AA7F /* DeviceNotConnectedView.swift */ = {isa = PBXFileReference; lastKnownFileType = sourcecode.swift; path = DeviceNotConnectedView.swift; sourceTree = "<group>"; };
		392426C3298A9B1C0082AA7F /* CheckAgainButton.swift */ = {isa = PBXFileReference; lastKnownFileType = sourcecode.swift; path = CheckAgainButton.swift; sourceTree = "<group>"; };
		392426C5298A9D130082AA7F /* DeviceLockedView.swift */ = {isa = PBXFileReference; lastKnownFileType = sourcecode.swift; path = DeviceLockedView.swift; sourceTree = "<group>"; };
		392426C7298A9E3D0082AA7F /* OpenBluetoothSettingsButton.swift */ = {isa = PBXFileReference; lastKnownFileType = sourcecode.swift; path = OpenBluetoothSettingsButton.swift; sourceTree = "<group>"; };
		392426C9298AA7450082AA7F /* CopieableValueLable.swift */ = {isa = PBXFileReference; lastKnownFileType = sourcecode.swift; path = CopieableValueLable.swift; sourceTree = "<group>"; };
		3942D3FC2805837B00EF72F3 /* MooltifillDebug.entitlements */ = {isa = PBXFileReference; lastKnownFileType = text.plist.entitlements; path = MooltifillDebug.entitlements; sourceTree = "<group>"; };
		3942D3FD2805837B00EF72F3 /* AuthenticationServices.framework */ = {isa = PBXFileReference; lastKnownFileType = wrapper.framework; name = AuthenticationServices.framework; path = System/Library/Frameworks/AuthenticationServices.framework; sourceTree = SDKROOT; };
		3942D403280583C400EF72F3 /* MooltifillAuthProvider.appex */ = {isa = PBXFileReference; explicitFileType = "wrapper.app-extension"; includeInIndex = 0; path = MooltifillAuthProvider.appex; sourceTree = BUILT_PRODUCTS_DIR; };
		3942D406280583C400EF72F3 /* CredentialProviderViewController.swift */ = {isa = PBXFileReference; lastKnownFileType = sourcecode.swift; path = CredentialProviderViewController.swift; sourceTree = "<group>"; };
		3942D409280583C400EF72F3 /* Base */ = {isa = PBXFileReference; lastKnownFileType = file.storyboard; name = Base; path = Base.lproj/MainInterface.storyboard; sourceTree = "<group>"; };
		3942D40B280583C400EF72F3 /* Info.plist */ = {isa = PBXFileReference; lastKnownFileType = text.plist.xml; path = Info.plist; sourceTree = "<group>"; };
		3942D40C280583C400EF72F3 /* MooltifillAuthProvider.entitlements */ = {isa = PBXFileReference; lastKnownFileType = text.plist.entitlements; path = MooltifillAuthProvider.entitlements; sourceTree = "<group>"; };
		3942D4142805843400EF72F3 /* BleManager.swift */ = {isa = PBXFileReference; lastKnownFileType = sourcecode.swift; path = BleManager.swift; sourceTree = "<group>"; };
		39639E8929A0DDB4009B9B47 /* DomainParser.xcframework */ = {isa = PBXFileReference; lastKnownFileType = wrapper.xcframework; name = DomainParser.xcframework; path = Carthage/Build/DomainParser.xcframework; sourceTree = "<group>"; };
		397556F029C5CE0B00B5B279 /* BluetoothConnection.swift */ = {isa = PBXFileReference; lastKnownFileType = sourcecode.swift; path = BluetoothConnection.swift; sourceTree = "<group>"; };
		397556F529C5CE2500B5B279 /* BluetoothEventHandler.swift */ = {isa = PBXFileReference; lastKnownFileType = sourcecode.swift; path = BluetoothEventHandler.swift; sourceTree = "<group>"; };
		397556FA29C5CE4200B5B279 /* MooltipassBleManager.swift */ = {isa = PBXFileReference; lastKnownFileType = sourcecode.swift; path = MooltipassBleManager.swift; sourceTree = "<group>"; };
		3975570029C5CE6E00B5B279 /* MooltipassCredential.swift */ = {isa = PBXFileReference; lastKnownFileType = sourcecode.swift; path = MooltipassCredential.swift; sourceTree = "<group>"; };
		3975570529C5CE9100B5B279 /* MooltipassBleDelegate.swift */ = {isa = PBXFileReference; lastKnownFileType = sourcecode.swift; path = MooltipassBleDelegate.swift; sourceTree = "<group>"; };
		3975570B29C5CEB800B5B279 /* BleMessageFactory.swift */ = {isa = PBXFileReference; lastKnownFileType = sourcecode.swift; path = BleMessageFactory.swift; sourceTree = "<group>"; };
		3975571029C5CECA00B5B279 /* MessageFactory.swift */ = {isa = PBXFileReference; lastKnownFileType = sourcecode.swift; path = MessageFactory.swift; sourceTree = "<group>"; };
		3975571529C5CEE100B5B279 /* MooltipassCommand.swift */ = {isa = PBXFileReference; lastKnownFileType = sourcecode.swift; path = MooltipassCommand.swift; sourceTree = "<group>"; };
		3975571A29C5CF0600B5B279 /* MooltipassMessage.swift */ = {isa = PBXFileReference; lastKnownFileType = sourcecode.swift; path = MooltipassMessage.swift; sourceTree = "<group>"; };
		3975571F29C5CF1900B5B279 /* MooltipassPayload.swift */ = {isa = PBXFileReference; lastKnownFileType = sourcecode.swift; path = MooltipassPayload.swift; sourceTree = "<group>"; };
		39A75EC528058D6900E65042 /* BleManager.swift */ = {isa = PBXFileReference; lastKnownFileType = sourcecode.swift; path = BleManager.swift; sourceTree = "<group>"; };
		39AF94BF29C8854E00549ED4 /* MooltifillRelease.entitlements */ = {isa = PBXFileReference; lastKnownFileType = text.plist.entitlements; path = MooltifillRelease.entitlements; sourceTree = "<group>"; };
		39AF94C029C8881700549ED4 /* LICENSE */ = {isa = PBXFileReference; lastKnownFileType = text; path = LICENSE; sourceTree = "<group>"; };
/* End PBXFileReference section */

/* Begin PBXFrameworksBuildPhase section */
		39023B2D27C10332000A7CD5 /* Frameworks */ = {
			isa = PBXFrameworksBuildPhase;
			buildActionMask = 2147483647;
			files = (
				3942D3FE2805837B00EF72F3 /* AuthenticationServices.framework in Frameworks */,
				39639E8A29A0DDB5009B9B47 /* DomainParser.xcframework in Frameworks */,
			);
			runOnlyForDeploymentPostprocessing = 0;
		};
		39023B4327C10333000A7CD5 /* Frameworks */ = {
			isa = PBXFrameworksBuildPhase;
			buildActionMask = 2147483647;
			files = (
			);
			runOnlyForDeploymentPostprocessing = 0;
		};
		39023B4D27C10333000A7CD5 /* Frameworks */ = {
			isa = PBXFrameworksBuildPhase;
			buildActionMask = 2147483647;
			files = (
			);
			runOnlyForDeploymentPostprocessing = 0;
		};
		3942D400280583C400EF72F3 /* Frameworks */ = {
			isa = PBXFrameworksBuildPhase;
			buildActionMask = 2147483647;
			files = (
				3942D404280583C400EF72F3 /* AuthenticationServices.framework in Frameworks */,
				39639E8D29A0DDBE009B9B47 /* DomainParser.xcframework in Frameworks */,
			);
			runOnlyForDeploymentPostprocessing = 0;
		};
/* End PBXFrameworksBuildPhase section */

/* Begin PBXGroup section */
		39023B2727C10332000A7CD5 = {
			isa = PBXGroup;
			children = (
				39AF94C029C8881700549ED4 /* LICENSE */,
				397556EE29C5CDBE00B5B279 /* BLEConnector */,
				39023B3227C10332000A7CD5 /* Mooltifill */,
				39023B4927C10333000A7CD5 /* MooltifillTests */,
				39023B5327C10333000A7CD5 /* MooltifillUITests */,
				3942D405280583C400EF72F3 /* MooltifillAuthProvider */,
				39023B3127C10332000A7CD5 /* Products */,
				3FB801A5CB5A8AA89E9D7D77 /* Frameworks */,
			);
			sourceTree = "<group>";
		};
		39023B3127C10332000A7CD5 /* Products */ = {
			isa = PBXGroup;
			children = (
				39023B3027C10332000A7CD5 /* Mooltifill.app */,
				39023B4627C10333000A7CD5 /* MooltifillTests.xctest */,
				39023B5027C10333000A7CD5 /* MooltifillUITests.xctest */,
				3942D403280583C400EF72F3 /* MooltifillAuthProvider.appex */,
			);
			name = Products;
			sourceTree = "<group>";
		};
		39023B3227C10332000A7CD5 /* Mooltifill */ = {
			isa = PBXGroup;
			children = (
				39AF94BF29C8854E00549ED4 /* MooltifillRelease.entitlements */,
				392426C2298A9B0A0082AA7F /* Components */,
				392426B9298A85100082AA7F /* Extensions */,
				392426B6298A84BB0082AA7F /* Protocols */,
				392426AF29895F6D0082AA7F /* Models */,
				3924268C29894D8A0082AA7F /* Views */,
				3942D3FC2805837B00EF72F3 /* MooltifillDebug.entitlements */,
				39023B3327C10332000A7CD5 /* App.swift */,
				39023B3C27C10333000A7CD5 /* Assets.xcassets */,
				39023B4127C10333000A7CD5 /* Info.plist */,
				39A75EC528058D6900E65042 /* BleManager.swift */,
			);
			path = Mooltifill;
			sourceTree = "<group>";
		};
		39023B4927C10333000A7CD5 /* MooltifillTests */ = {
			isa = PBXGroup;
			children = (
				39023B4A27C10333000A7CD5 /* MooltifillTests.swift */,
			);
			path = MooltifillTests;
			sourceTree = "<group>";
		};
		39023B5327C10333000A7CD5 /* MooltifillUITests */ = {
			isa = PBXGroup;
			children = (
				39023B5427C10333000A7CD5 /* MooltifillUITests.swift */,
				39023B5627C10333000A7CD5 /* MooltifillUITestsLaunchTests.swift */,
			);
			path = MooltifillUITests;
			sourceTree = "<group>";
		};
		3903493E280C202100B3C801 /* CreateCredential */ = {
			isa = PBXGroup;
			children = (
			);
			path = CreateCredential;
			sourceTree = "<group>";
		};
		3924268C29894D8A0082AA7F /* Views */ = {
			isa = PBXGroup;
			children = (
				392426AD29895CE60082AA7F /* GetPasswordView.swift */,
				392426B2298A82480082AA7F /* MooltipassAwareView.swift */,
				392426BE298A9A1B0082AA7F /* BluetoothDisabledView.swift */,
				392426C0298A9A360082AA7F /* DeviceNotConnectedView.swift */,
				392426C5298A9D130082AA7F /* DeviceLockedView.swift */,
			);
			path = Views;
			sourceTree = "<group>";
		};
		392426AF29895F6D0082AA7F /* Models */ = {
			isa = PBXGroup;
			children = (
				392426B029895F8A0082AA7F /* GetCredentialsModel.swift */,
				392426B4298A827A0082AA7F /* MooltipassAwareModel.swift */,
			);
			path = Models;
			sourceTree = "<group>";
		};
		392426B6298A84BB0082AA7F /* Protocols */ = {
			isa = PBXGroup;
			children = (
				392426BC298A860F0082AA7F /* ContainerViewProtocol.swift */,
			);
			path = Protocols;
			sourceTree = "<group>";
		};
		392426B9298A85100082AA7F /* Extensions */ = {
			isa = PBXGroup;
			children = (
				392426BA298A85260082AA7F /* ContainerViewExtension.swift */,
			);
			path = Extensions;
			sourceTree = "<group>";
		};
		392426C2298A9B0A0082AA7F /* Components */ = {
			isa = PBXGroup;
			children = (
				392426C3298A9B1C0082AA7F /* CheckAgainButton.swift */,
				392426C7298A9E3D0082AA7F /* OpenBluetoothSettingsButton.swift */,
				392426C9298AA7450082AA7F /* CopieableValueLable.swift */,
			);
			path = Components;
			sourceTree = "<group>";
		};
		3942D405280583C400EF72F3 /* MooltifillAuthProvider */ = {
			isa = PBXGroup;
			children = (
				3903493E280C202100B3C801 /* CreateCredential */,
				3942D406280583C400EF72F3 /* CredentialProviderViewController.swift */,
				3942D408280583C400EF72F3 /* MainInterface.storyboard */,
				3942D40B280583C400EF72F3 /* Info.plist */,
				3942D40C280583C400EF72F3 /* MooltifillAuthProvider.entitlements */,
				3942D4142805843400EF72F3 /* BleManager.swift */,
			);
			path = MooltifillAuthProvider;
			sourceTree = "<group>";
		};
		397556EE29C5CDBE00B5B279 /* BLEConnector */ = {
			isa = PBXGroup;
			children = (
				3975570A29C5CE9E00B5B279 /* Protocol */,
				397556FF29C5CE5D00B5B279 /* Model */,
				397556EF29C5CDDA00B5B279 /* Bluetooth */,
				3975570529C5CE9100B5B279 /* MooltipassBleDelegate.swift */,
			);
			path = BLEConnector;
			sourceTree = "<group>";
		};
		397556EF29C5CDDA00B5B279 /* Bluetooth */ = {
			isa = PBXGroup;
			children = (
				397556F029C5CE0B00B5B279 /* BluetoothConnection.swift */,
				397556F529C5CE2500B5B279 /* BluetoothEventHandler.swift */,
				397556FA29C5CE4200B5B279 /* MooltipassBleManager.swift */,
			);
			path = Bluetooth;
			sourceTree = "<group>";
		};
		397556FF29C5CE5D00B5B279 /* Model */ = {
			isa = PBXGroup;
			children = (
				3975570029C5CE6E00B5B279 /* MooltipassCredential.swift */,
			);
			path = Model;
			sourceTree = "<group>";
		};
		3975570A29C5CE9E00B5B279 /* Protocol */ = {
			isa = PBXGroup;
			children = (
				3975570B29C5CEB800B5B279 /* BleMessageFactory.swift */,
				3975571029C5CECA00B5B279 /* MessageFactory.swift */,
				3975571529C5CEE100B5B279 /* MooltipassCommand.swift */,
				3975571A29C5CF0600B5B279 /* MooltipassMessage.swift */,
				3975571F29C5CF1900B5B279 /* MooltipassPayload.swift */,
			);
			path = Protocol;
			sourceTree = "<group>";
		};
		3FB801A5CB5A8AA89E9D7D77 /* Frameworks */ = {
			isa = PBXGroup;
			children = (
				39639E8929A0DDB4009B9B47 /* DomainParser.xcframework */,
				3942D3FD2805837B00EF72F3 /* AuthenticationServices.framework */,
			);
			name = Frameworks;
			sourceTree = "<group>";
		};
/* End PBXGroup section */

/* Begin PBXNativeTarget section */
		39023B2F27C10332000A7CD5 /* Mooltifill */ = {
			isa = PBXNativeTarget;
			buildConfigurationList = 39023B5A27C10333000A7CD5 /* Build configuration list for PBXNativeTarget "Mooltifill" */;
			buildPhases = (
				39023B2C27C10332000A7CD5 /* Sources */,
				39023B2D27C10332000A7CD5 /* Frameworks */,
				39023B2E27C10332000A7CD5 /* Resources */,
				3942D413280583C400EF72F3 /* Embed App Extensions */,
				39639E8C29A0DDB5009B9B47 /* Embed Frameworks */,
			);
			buildRules = (
			);
			dependencies = (
				3942D40E280583C400EF72F3 /* PBXTargetDependency */,
			);
			name = Mooltifill;
			productName = Mooltifill;
			productReference = 39023B3027C10332000A7CD5 /* Mooltifill.app */;
			productType = "com.apple.product-type.application";
		};
		39023B4527C10333000A7CD5 /* MooltifillTests */ = {
			isa = PBXNativeTarget;
			buildConfigurationList = 39023B5D27C10333000A7CD5 /* Build configuration list for PBXNativeTarget "MooltifillTests" */;
			buildPhases = (
				39023B4227C10333000A7CD5 /* Sources */,
				39023B4327C10333000A7CD5 /* Frameworks */,
				39023B4427C10333000A7CD5 /* Resources */,
			);
			buildRules = (
			);
			dependencies = (
				39023B4827C10333000A7CD5 /* PBXTargetDependency */,
			);
			name = MooltifillTests;
			productName = MooltifillTests;
			productReference = 39023B4627C10333000A7CD5 /* MooltifillTests.xctest */;
			productType = "com.apple.product-type.bundle.unit-test";
		};
		39023B4F27C10333000A7CD5 /* MooltifillUITests */ = {
			isa = PBXNativeTarget;
			buildConfigurationList = 39023B6027C10333000A7CD5 /* Build configuration list for PBXNativeTarget "MooltifillUITests" */;
			buildPhases = (
				39023B4C27C10333000A7CD5 /* Sources */,
				39023B4D27C10333000A7CD5 /* Frameworks */,
				39023B4E27C10333000A7CD5 /* Resources */,
			);
			buildRules = (
			);
			dependencies = (
				39023B5227C10333000A7CD5 /* PBXTargetDependency */,
			);
			name = MooltifillUITests;
			productName = MooltifillUITests;
			productReference = 39023B5027C10333000A7CD5 /* MooltifillUITests.xctest */;
			productType = "com.apple.product-type.bundle.ui-testing";
		};
		3942D402280583C400EF72F3 /* MooltifillAuthProvider */ = {
			isa = PBXNativeTarget;
			buildConfigurationList = 3942D410280583C400EF72F3 /* Build configuration list for PBXNativeTarget "MooltifillAuthProvider" */;
			buildPhases = (
				3942D3FF280583C400EF72F3 /* Sources */,
				3942D400280583C400EF72F3 /* Frameworks */,
				3942D401280583C400EF72F3 /* Resources */,
				39639E8F29A0DDBE009B9B47 /* Embed Frameworks */,
			);
			buildRules = (
			);
			dependencies = (
			);
			name = MooltifillAuthProvider;
			productName = MooltifillAuthProvider;
			productReference = 3942D403280583C400EF72F3 /* MooltifillAuthProvider.appex */;
			productType = "com.apple.product-type.app-extension";
		};
/* End PBXNativeTarget section */

/* Begin PBXProject section */
		39023B2827C10332000A7CD5 /* Project object */ = {
			isa = PBXProject;
			attributes = {
				BuildIndependentTargetsInParallel = 1;
				LastSwiftUpdateCheck = 1330;
				LastUpgradeCheck = 1320;
				TargetAttributes = {
					39023B2F27C10332000A7CD5 = {
						CreatedOnToolsVersion = 13.2.1;
					};
					39023B4527C10333000A7CD5 = {
						CreatedOnToolsVersion = 13.2.1;
						TestTargetID = 39023B2F27C10332000A7CD5;
					};
					39023B4F27C10333000A7CD5 = {
						CreatedOnToolsVersion = 13.2.1;
						TestTargetID = 39023B2F27C10332000A7CD5;
					};
					3942D402280583C400EF72F3 = {
						CreatedOnToolsVersion = 13.3.1;
					};
				};
			};
			buildConfigurationList = 39023B2B27C10332000A7CD5 /* Build configuration list for PBXProject "Mooltifill" */;
			compatibilityVersion = "Xcode 13.0";
			developmentRegion = en;
			hasScannedForEncodings = 0;
			knownRegions = (
				en,
				Base,
			);
			mainGroup = 39023B2727C10332000A7CD5;
			productRefGroup = 39023B3127C10332000A7CD5 /* Products */;
			projectDirPath = "";
			projectRoot = "";
			targets = (
				39023B2F27C10332000A7CD5 /* Mooltifill */,
				39023B4527C10333000A7CD5 /* MooltifillTests */,
				39023B4F27C10333000A7CD5 /* MooltifillUITests */,
				3942D402280583C400EF72F3 /* MooltifillAuthProvider */,
			);
		};
/* End PBXProject section */

/* Begin PBXResourcesBuildPhase section */
		39023B2E27C10332000A7CD5 /* Resources */ = {
			isa = PBXResourcesBuildPhase;
			buildActionMask = 2147483647;
			files = (
				39023B3D27C10333000A7CD5 /* Assets.xcassets in Resources */,
			);
			runOnlyForDeploymentPostprocessing = 0;
		};
		39023B4427C10333000A7CD5 /* Resources */ = {
			isa = PBXResourcesBuildPhase;
			buildActionMask = 2147483647;
			files = (
			);
			runOnlyForDeploymentPostprocessing = 0;
		};
		39023B4E27C10333000A7CD5 /* Resources */ = {
			isa = PBXResourcesBuildPhase;
			buildActionMask = 2147483647;
			files = (
			);
			runOnlyForDeploymentPostprocessing = 0;
		};
		3942D401280583C400EF72F3 /* Resources */ = {
			isa = PBXResourcesBuildPhase;
			buildActionMask = 2147483647;
			files = (
				3942D40A280583C400EF72F3 /* MainInterface.storyboard in Resources */,
			);
			runOnlyForDeploymentPostprocessing = 0;
		};
/* End PBXResourcesBuildPhase section */

/* Begin PBXSourcesBuildPhase section */
		39023B2C27C10332000A7CD5 /* Sources */ = {
			isa = PBXSourcesBuildPhase;
			buildActionMask = 2147483647;
			files = (
				39A75EC628058D6900E65042 /* BleManager.swift in Sources */,
				39023B3427C10332000A7CD5 /* App.swift in Sources */,
				3975570C29C5CEB800B5B279 /* BleMessageFactory.swift in Sources */,
				3975571129C5CECA00B5B279 /* MessageFactory.swift in Sources */,
				3975570129C5CE6E00B5B279 /* MooltipassCredential.swift in Sources */,
				392426C8298A9E3D0082AA7F /* OpenBluetoothSettingsButton.swift in Sources */,
				392426CA298AA7450082AA7F /* CopieableValueLable.swift in Sources */,
				392426C6298A9D130082AA7F /* DeviceLockedView.swift in Sources */,
				392426C1298A9A360082AA7F /* DeviceNotConnectedView.swift in Sources */,
				3975570629C5CE9100B5B279 /* MooltipassBleDelegate.swift in Sources */,
				392426C4298A9B1C0082AA7F /* CheckAgainButton.swift in Sources */,
				3975571B29C5CF0600B5B279 /* MooltipassMessage.swift in Sources */,
				392426BF298A9A1B0082AA7F /* BluetoothDisabledView.swift in Sources */,
				392426B3298A82480082AA7F /* MooltipassAwareView.swift in Sources */,
				392426B129895F8A0082AA7F /* GetCredentialsModel.swift in Sources */,
				3975571629C5CEE100B5B279 /* MooltipassCommand.swift in Sources */,
				397556F129C5CE0B00B5B279 /* BluetoothConnection.swift in Sources */,
				397556F629C5CE2500B5B279 /* BluetoothEventHandler.swift in Sources */,
				392426BB298A85260082AA7F /* ContainerViewExtension.swift in Sources */,
				392426AE29895CE60082AA7F /* GetPasswordView.swift in Sources */,
				397556FB29C5CE4200B5B279 /* MooltipassBleManager.swift in Sources */,
				392426BD298A860F0082AA7F /* ContainerViewProtocol.swift in Sources */,
				392426B5298A827A0082AA7F /* MooltipassAwareModel.swift in Sources */,
				3975572029C5CF1900B5B279 /* MooltipassPayload.swift in Sources */,
			);
			runOnlyForDeploymentPostprocessing = 0;
		};
		39023B4227C10333000A7CD5 /* Sources */ = {
			isa = PBXSourcesBuildPhase;
			buildActionMask = 2147483647;
			files = (
				3975571729C5CEE100B5B279 /* MooltipassCommand.swift in Sources */,
				397556F729C5CE2500B5B279 /* BluetoothEventHandler.swift in Sources */,
				3975571C29C5CF0600B5B279 /* MooltipassMessage.swift in Sources */,
				39023B4B27C10333000A7CD5 /* MooltifillTests.swift in Sources */,
				397556F229C5CE0B00B5B279 /* BluetoothConnection.swift in Sources */,
				3975570D29C5CEB800B5B279 /* BleMessageFactory.swift in Sources */,
				3975571229C5CECA00B5B279 /* MessageFactory.swift in Sources */,
				3975570229C5CE6E00B5B279 /* MooltipassCredential.swift in Sources */,
				3975570729C5CE9100B5B279 /* MooltipassBleDelegate.swift in Sources */,
				3975572129C5CF1900B5B279 /* MooltipassPayload.swift in Sources */,
				397556FC29C5CE4200B5B279 /* MooltipassBleManager.swift in Sources */,
			);
			runOnlyForDeploymentPostprocessing = 0;
		};
		39023B4C27C10333000A7CD5 /* Sources */ = {
			isa = PBXSourcesBuildPhase;
			buildActionMask = 2147483647;
			files = (
				3975570329C5CE6E00B5B279 /* MooltipassCredential.swift in Sources */,
				397556F829C5CE2500B5B279 /* BluetoothEventHandler.swift in Sources */,
				3975570E29C5CEB800B5B279 /* BleMessageFactory.swift in Sources */,
				3975571329C5CECA00B5B279 /* MessageFactory.swift in Sources */,
				3975571829C5CEE100B5B279 /* MooltipassCommand.swift in Sources */,
				3975571D29C5CF0600B5B279 /* MooltipassMessage.swift in Sources */,
				397556FD29C5CE4200B5B279 /* MooltipassBleManager.swift in Sources */,
				39023B5527C10333000A7CD5 /* MooltifillUITests.swift in Sources */,
				397556F329C5CE0B00B5B279 /* BluetoothConnection.swift in Sources */,
				39023B5727C10333000A7CD5 /* MooltifillUITestsLaunchTests.swift in Sources */,
				3975570829C5CE9100B5B279 /* MooltipassBleDelegate.swift in Sources */,
				3975572229C5CF1900B5B279 /* MooltipassPayload.swift in Sources */,
			);
			runOnlyForDeploymentPostprocessing = 0;
		};
		3942D3FF280583C400EF72F3 /* Sources */ = {
			isa = PBXSourcesBuildPhase;
			buildActionMask = 2147483647;
			files = (
				3975570429C5CE6E00B5B279 /* MooltipassCredential.swift in Sources */,
				397556F929C5CE2500B5B279 /* BluetoothEventHandler.swift in Sources */,
				3975570F29C5CEB800B5B279 /* BleMessageFactory.swift in Sources */,
				3975571429C5CECA00B5B279 /* MessageFactory.swift in Sources */,
				3975571929C5CEE100B5B279 /* MooltipassCommand.swift in Sources */,
				3975571E29C5CF0600B5B279 /* MooltipassMessage.swift in Sources */,
				397556FE29C5CE4200B5B279 /* MooltipassBleManager.swift in Sources */,
				3942D407280583C400EF72F3 /* CredentialProviderViewController.swift in Sources */,
				397556F429C5CE0B00B5B279 /* BluetoothConnection.swift in Sources */,
				3942D4152805843400EF72F3 /* BleManager.swift in Sources */,
				3975570929C5CE9100B5B279 /* MooltipassBleDelegate.swift in Sources */,
				3975572329C5CF1900B5B279 /* MooltipassPayload.swift in Sources */,
			);
			runOnlyForDeploymentPostprocessing = 0;
		};
/* End PBXSourcesBuildPhase section */

/* Begin PBXTargetDependency section */
		39023B4827C10333000A7CD5 /* PBXTargetDependency */ = {
			isa = PBXTargetDependency;
			target = 39023B2F27C10332000A7CD5 /* Mooltifill */;
			targetProxy = 39023B4727C10333000A7CD5 /* PBXContainerItemProxy */;
		};
		39023B5227C10333000A7CD5 /* PBXTargetDependency */ = {
			isa = PBXTargetDependency;
			target = 39023B2F27C10332000A7CD5 /* Mooltifill */;
			targetProxy = 39023B5127C10333000A7CD5 /* PBXContainerItemProxy */;
		};
		3942D40E280583C400EF72F3 /* PBXTargetDependency */ = {
			isa = PBXTargetDependency;
			target = 3942D402280583C400EF72F3 /* MooltifillAuthProvider */;
			targetProxy = 3942D40D280583C400EF72F3 /* PBXContainerItemProxy */;
		};
/* End PBXTargetDependency section */

/* Begin PBXVariantGroup section */
		3942D408280583C400EF72F3 /* MainInterface.storyboard */ = {
			isa = PBXVariantGroup;
			children = (
				3942D409280583C400EF72F3 /* Base */,
			);
			name = MainInterface.storyboard;
			sourceTree = "<group>";
		};
/* End PBXVariantGroup section */

/* Begin XCBuildConfiguration section */
		39023B5827C10333000A7CD5 /* Debug */ = {
			isa = XCBuildConfiguration;
			buildSettings = {
				ALWAYS_SEARCH_USER_PATHS = NO;
				CLANG_ANALYZER_NONNULL = YES;
				CLANG_ANALYZER_NUMBER_OBJECT_CONVERSION = YES_AGGRESSIVE;
				CLANG_CXX_LANGUAGE_STANDARD = "gnu++17";
				CLANG_CXX_LIBRARY = "libc++";
				CLANG_ENABLE_MODULES = YES;
				CLANG_ENABLE_OBJC_ARC = YES;
				CLANG_ENABLE_OBJC_WEAK = YES;
				CLANG_WARN_BLOCK_CAPTURE_AUTORELEASING = YES;
				CLANG_WARN_BOOL_CONVERSION = YES;
				CLANG_WARN_COMMA = YES;
				CLANG_WARN_CONSTANT_CONVERSION = YES;
				CLANG_WARN_DEPRECATED_OBJC_IMPLEMENTATIONS = YES;
				CLANG_WARN_DIRECT_OBJC_ISA_USAGE = YES_ERROR;
				CLANG_WARN_DOCUMENTATION_COMMENTS = YES;
				CLANG_WARN_EMPTY_BODY = YES;
				CLANG_WARN_ENUM_CONVERSION = YES;
				CLANG_WARN_INFINITE_RECURSION = YES;
				CLANG_WARN_INT_CONVERSION = YES;
				CLANG_WARN_NON_LITERAL_NULL_CONVERSION = YES;
				CLANG_WARN_OBJC_IMPLICIT_RETAIN_SELF = YES;
				CLANG_WARN_OBJC_LITERAL_CONVERSION = YES;
				CLANG_WARN_OBJC_ROOT_CLASS = YES_ERROR;
				CLANG_WARN_QUOTED_INCLUDE_IN_FRAMEWORK_HEADER = YES;
				CLANG_WARN_RANGE_LOOP_ANALYSIS = YES;
				CLANG_WARN_STRICT_PROTOTYPES = YES;
				CLANG_WARN_SUSPICIOUS_MOVE = YES;
				CLANG_WARN_UNGUARDED_AVAILABILITY = YES_AGGRESSIVE;
				CLANG_WARN_UNREACHABLE_CODE = YES;
				CLANG_WARN__DUPLICATE_METHOD_MATCH = YES;
				COPY_PHASE_STRIP = NO;
				DEBUG_INFORMATION_FORMAT = dwarf;
				ENABLE_STRICT_OBJC_MSGSEND = YES;
				ENABLE_TESTABILITY = YES;
				GCC_C_LANGUAGE_STANDARD = gnu11;
				GCC_DYNAMIC_NO_PIC = NO;
				GCC_NO_COMMON_BLOCKS = YES;
				GCC_OPTIMIZATION_LEVEL = 0;
				GCC_PREPROCESSOR_DEFINITIONS = (
					"DEBUG=1",
					"$(inherited)",
				);
				GCC_WARN_64_TO_32_BIT_CONVERSION = YES;
				GCC_WARN_ABOUT_RETURN_TYPE = YES_ERROR;
				GCC_WARN_UNDECLARED_SELECTOR = YES;
				GCC_WARN_UNINITIALIZED_AUTOS = YES_AGGRESSIVE;
				GCC_WARN_UNUSED_FUNCTION = YES;
				GCC_WARN_UNUSED_VARIABLE = YES;
				IPHONEOS_DEPLOYMENT_TARGET = 15.0;
				MTL_ENABLE_DEBUG_INFO = INCLUDE_SOURCE;
				MTL_FAST_MATH = YES;
				ONLY_ACTIVE_ARCH = YES;
				SDKROOT = iphoneos;
				SWIFT_ACTIVE_COMPILATION_CONDITIONS = DEBUG;
				SWIFT_OPTIMIZATION_LEVEL = "-Onone";
			};
			name = Debug;
		};
		39023B5927C10333000A7CD5 /* Release */ = {
			isa = XCBuildConfiguration;
			buildSettings = {
				ALWAYS_SEARCH_USER_PATHS = NO;
				CLANG_ANALYZER_NONNULL = YES;
				CLANG_ANALYZER_NUMBER_OBJECT_CONVERSION = YES_AGGRESSIVE;
				CLANG_CXX_LANGUAGE_STANDARD = "gnu++17";
				CLANG_CXX_LIBRARY = "libc++";
				CLANG_ENABLE_MODULES = YES;
				CLANG_ENABLE_OBJC_ARC = YES;
				CLANG_ENABLE_OBJC_WEAK = YES;
				CLANG_WARN_BLOCK_CAPTURE_AUTORELEASING = YES;
				CLANG_WARN_BOOL_CONVERSION = YES;
				CLANG_WARN_COMMA = YES;
				CLANG_WARN_CONSTANT_CONVERSION = YES;
				CLANG_WARN_DEPRECATED_OBJC_IMPLEMENTATIONS = YES;
				CLANG_WARN_DIRECT_OBJC_ISA_USAGE = YES_ERROR;
				CLANG_WARN_DOCUMENTATION_COMMENTS = YES;
				CLANG_WARN_EMPTY_BODY = YES;
				CLANG_WARN_ENUM_CONVERSION = YES;
				CLANG_WARN_INFINITE_RECURSION = YES;
				CLANG_WARN_INT_CONVERSION = YES;
				CLANG_WARN_NON_LITERAL_NULL_CONVERSION = YES;
				CLANG_WARN_OBJC_IMPLICIT_RETAIN_SELF = YES;
				CLANG_WARN_OBJC_LITERAL_CONVERSION = YES;
				CLANG_WARN_OBJC_ROOT_CLASS = YES_ERROR;
				CLANG_WARN_QUOTED_INCLUDE_IN_FRAMEWORK_HEADER = YES;
				CLANG_WARN_RANGE_LOOP_ANALYSIS = YES;
				CLANG_WARN_STRICT_PROTOTYPES = YES;
				CLANG_WARN_SUSPICIOUS_MOVE = YES;
				CLANG_WARN_UNGUARDED_AVAILABILITY = YES_AGGRESSIVE;
				CLANG_WARN_UNREACHABLE_CODE = YES;
				CLANG_WARN__DUPLICATE_METHOD_MATCH = YES;
				COPY_PHASE_STRIP = NO;
				DEBUG_INFORMATION_FORMAT = "dwarf-with-dsym";
				ENABLE_NS_ASSERTIONS = NO;
				ENABLE_STRICT_OBJC_MSGSEND = YES;
				GCC_C_LANGUAGE_STANDARD = gnu11;
				GCC_NO_COMMON_BLOCKS = YES;
				GCC_WARN_64_TO_32_BIT_CONVERSION = YES;
				GCC_WARN_ABOUT_RETURN_TYPE = YES_ERROR;
				GCC_WARN_UNDECLARED_SELECTOR = YES;
				GCC_WARN_UNINITIALIZED_AUTOS = YES_AGGRESSIVE;
				GCC_WARN_UNUSED_FUNCTION = YES;
				GCC_WARN_UNUSED_VARIABLE = YES;
				IPHONEOS_DEPLOYMENT_TARGET = 15.0;
				MTL_ENABLE_DEBUG_INFO = NO;
				MTL_FAST_MATH = YES;
				SDKROOT = iphoneos;
				SWIFT_COMPILATION_MODE = wholemodule;
				SWIFT_OPTIMIZATION_LEVEL = "-O";
				VALIDATE_PRODUCT = YES;
			};
			name = Release;
		};
		39023B5B27C10333000A7CD5 /* Debug */ = {
			isa = XCBuildConfiguration;
			buildSettings = {
				ALWAYS_EMBED_SWIFT_STANDARD_LIBRARIES = "$(inherited)";
				ASSETCATALOG_COMPILER_APPICON_NAME = AppIcon;
				ASSETCATALOG_COMPILER_GLOBAL_ACCENT_COLOR_NAME = AccentColor;
				CODE_SIGN_ENTITLEMENTS = Mooltifill/MooltifillDebug.entitlements;
				CODE_SIGN_STYLE = Automatic;
				CURRENT_PROJECT_VERSION = 3;
				DEVELOPMENT_TEAM = 9MTYZH884P;
				GENERATE_INFOPLIST_FILE = YES;
				INFOPLIST_FILE = Mooltifill/Info.plist;
				INFOPLIST_KEY_LSApplicationCategoryType = "public.app-category.productivity";
				INFOPLIST_KEY_NSBluetoothAlwaysUsageDescription = "Mooltifill needs to access Bluetooth in order to connect to your Mooltipass";
				INFOPLIST_KEY_UIApplicationSupportsIndirectInputEvents = YES;
				INFOPLIST_KEY_UISupportedInterfaceOrientations_iPad = "UIInterfaceOrientationPortrait UIInterfaceOrientationPortraitUpsideDown UIInterfaceOrientationLandscapeLeft UIInterfaceOrientationLandscapeRight";
				INFOPLIST_KEY_UISupportedInterfaceOrientations_iPhone = "UIInterfaceOrientationPortrait UIInterfaceOrientationLandscapeLeft UIInterfaceOrientationLandscapeRight";
				IPHONEOS_DEPLOYMENT_TARGET = 15.0;
				LD_RUNPATH_SEARCH_PATHS = (
					"$(inherited)",
					"@executable_path/Frameworks",
				);
				MARKETING_VERSION = 1.0;
				PRODUCT_BUNDLE_IDENTIFIER = com.themooltipass.Mooltifill;
				PRODUCT_NAME = "$(TARGET_NAME)";
				SUPPORTED_PLATFORMS = "iphoneos iphonesimulator";
				SUPPORTS_MACCATALYST = NO;
				SUPPORTS_MAC_DESIGNED_FOR_IPHONE_IPAD = NO;
				SWIFT_EMIT_LOC_STRINGS = YES;
				SWIFT_VERSION = 5.0;
				TARGETED_DEVICE_FAMILY = "1,2";
			};
			name = Debug;
		};
		39023B5C27C10333000A7CD5 /* Release */ = {
			isa = XCBuildConfiguration;
			buildSettings = {
				ALWAYS_EMBED_SWIFT_STANDARD_LIBRARIES = "$(inherited)";
				ASSETCATALOG_COMPILER_APPICON_NAME = AppIcon;
				ASSETCATALOG_COMPILER_GLOBAL_ACCENT_COLOR_NAME = AccentColor;
				CODE_SIGN_ENTITLEMENTS = Mooltifill/MooltifillRelease.entitlements;
				CODE_SIGN_STYLE = Automatic;
				CURRENT_PROJECT_VERSION = 3;
				DEVELOPMENT_TEAM = 9MTYZH884P;
				GENERATE_INFOPLIST_FILE = YES;
				INFOPLIST_FILE = Mooltifill/Info.plist;
				INFOPLIST_KEY_LSApplicationCategoryType = "public.app-category.productivity";
				INFOPLIST_KEY_NSBluetoothAlwaysUsageDescription = "Mooltifill needs to access Bluetooth in order to connect to your Mooltipass";
				INFOPLIST_KEY_UIApplicationSupportsIndirectInputEvents = YES;
				INFOPLIST_KEY_UISupportedInterfaceOrientations_iPad = "UIInterfaceOrientationPortrait UIInterfaceOrientationPortraitUpsideDown UIInterfaceOrientationLandscapeLeft UIInterfaceOrientationLandscapeRight";
				INFOPLIST_KEY_UISupportedInterfaceOrientations_iPhone = "UIInterfaceOrientationPortrait UIInterfaceOrientationLandscapeLeft UIInterfaceOrientationLandscapeRight";
				IPHONEOS_DEPLOYMENT_TARGET = 15.0;
				LD_RUNPATH_SEARCH_PATHS = (
					"$(inherited)",
					"@executable_path/Frameworks",
				);
				MARKETING_VERSION = 1.0;
				PRODUCT_BUNDLE_IDENTIFIER = com.themooltipass.Mooltifill;
				PRODUCT_NAME = "$(TARGET_NAME)";
				SUPPORTED_PLATFORMS = "iphoneos iphonesimulator";
				SUPPORTS_MACCATALYST = NO;
				SUPPORTS_MAC_DESIGNED_FOR_IPHONE_IPAD = NO;
				SWIFT_EMIT_LOC_STRINGS = YES;
				SWIFT_VERSION = 5.0;
				TARGETED_DEVICE_FAMILY = "1,2";
			};
			name = Release;
		};
		39023B5E27C10333000A7CD5 /* Debug */ = {
			isa = XCBuildConfiguration;
			buildSettings = {
				ALWAYS_EMBED_SWIFT_STANDARD_LIBRARIES = YES;
				BUNDLE_LOADER = "$(TEST_HOST)";
				CODE_SIGN_STYLE = Automatic;
				CURRENT_PROJECT_VERSION = 1;
				DEVELOPMENT_TEAM = 9MTYZH884P;
				GENERATE_INFOPLIST_FILE = YES;
				IPHONEOS_DEPLOYMENT_TARGET = 15.2;
				MARKETING_VERSION = 1.0;
				PRODUCT_BUNDLE_IDENTIFIER = com.themooltipass.MooltifillTests;
				PRODUCT_NAME = "$(TARGET_NAME)";
				SWIFT_EMIT_LOC_STRINGS = NO;
				SWIFT_VERSION = 5.0;
				TARGETED_DEVICE_FAMILY = "1,2";
				TEST_HOST = "$(BUILT_PRODUCTS_DIR)/Mooltifill.app/Mooltifill";
			};
			name = Debug;
		};
		39023B5F27C10333000A7CD5 /* Release */ = {
			isa = XCBuildConfiguration;
			buildSettings = {
				ALWAYS_EMBED_SWIFT_STANDARD_LIBRARIES = YES;
				BUNDLE_LOADER = "$(TEST_HOST)";
				CODE_SIGN_STYLE = Automatic;
				CURRENT_PROJECT_VERSION = 1;
				DEVELOPMENT_TEAM = 9MTYZH884P;
				GENERATE_INFOPLIST_FILE = YES;
				IPHONEOS_DEPLOYMENT_TARGET = 15.2;
				MARKETING_VERSION = 1.0;
				PRODUCT_BUNDLE_IDENTIFIER = com.themooltipass.MooltifillTests;
				PRODUCT_NAME = "$(TARGET_NAME)";
				SWIFT_EMIT_LOC_STRINGS = NO;
				SWIFT_VERSION = 5.0;
				TARGETED_DEVICE_FAMILY = "1,2";
				TEST_HOST = "$(BUILT_PRODUCTS_DIR)/Mooltifill.app/Mooltifill";
			};
			name = Release;
		};
		39023B6127C10333000A7CD5 /* Debug */ = {
			isa = XCBuildConfiguration;
			buildSettings = {
				ALWAYS_EMBED_SWIFT_STANDARD_LIBRARIES = "$(inherited)";
				CODE_SIGN_STYLE = Automatic;
				CURRENT_PROJECT_VERSION = 1;
				DEVELOPMENT_TEAM = 9MTYZH884P;
				GENERATE_INFOPLIST_FILE = YES;
				MARKETING_VERSION = 1.0;
				PRODUCT_BUNDLE_IDENTIFIER = com.themooltipass.MooltifillUITests;
				PRODUCT_NAME = "$(TARGET_NAME)";
				SWIFT_EMIT_LOC_STRINGS = NO;
				SWIFT_VERSION = 5.0;
				TARGETED_DEVICE_FAMILY = "1,2";
				TEST_TARGET_NAME = Mooltifill;
			};
			name = Debug;
		};
		39023B6227C10333000A7CD5 /* Release */ = {
			isa = XCBuildConfiguration;
			buildSettings = {
				ALWAYS_EMBED_SWIFT_STANDARD_LIBRARIES = "$(inherited)";
				CODE_SIGN_STYLE = Automatic;
				CURRENT_PROJECT_VERSION = 1;
				DEVELOPMENT_TEAM = 9MTYZH884P;
				GENERATE_INFOPLIST_FILE = YES;
				MARKETING_VERSION = 1.0;
				PRODUCT_BUNDLE_IDENTIFIER = com.themooltipass.MooltifillUITests;
				PRODUCT_NAME = "$(TARGET_NAME)";
				SWIFT_EMIT_LOC_STRINGS = NO;
				SWIFT_VERSION = 5.0;
				TARGETED_DEVICE_FAMILY = "1,2";
				TEST_TARGET_NAME = Mooltifill;
			};
			name = Release;
		};
		3942D411280583C400EF72F3 /* Debug */ = {
			isa = XCBuildConfiguration;
			buildSettings = {
				CODE_SIGN_ENTITLEMENTS = MooltifillAuthProvider/MooltifillAuthProvider.entitlements;
				CODE_SIGN_STYLE = Automatic;
				CURRENT_PROJECT_VERSION = 3;
				DEVELOPMENT_TEAM = 9MTYZH884P;
				GENERATE_INFOPLIST_FILE = YES;
				INFOPLIST_FILE = MooltifillAuthProvider/Info.plist;
				INFOPLIST_KEY_CFBundleDisplayName = MooltifillAuthProvider;
				INFOPLIST_KEY_NSHumanReadableCopyright = "";
				IPHONEOS_DEPLOYMENT_TARGET = 14.0;
				LD_RUNPATH_SEARCH_PATHS = (
					"$(inherited)",
					"@executable_path/Frameworks",
					"@executable_path/../../Frameworks",
				);
				MARKETING_VERSION = 1.0;
				PRODUCT_BUNDLE_IDENTIFIER = com.themooltipass.Mooltifill.MooltifillAuthProvider;
				PRODUCT_NAME = "$(TARGET_NAME)";
				SKIP_INSTALL = YES;
				SWIFT_EMIT_LOC_STRINGS = YES;
				SWIFT_VERSION = 5.0;
				TARGETED_DEVICE_FAMILY = "1,2";
			};
			name = Debug;
		};
		3942D412280583C400EF72F3 /* Release */ = {
			isa = XCBuildConfiguration;
			buildSettings = {
				CODE_SIGN_ENTITLEMENTS = MooltifillAuthProvider/MooltifillAuthProvider.entitlements;
				CODE_SIGN_STYLE = Automatic;
				CURRENT_PROJECT_VERSION = 3;
				DEVELOPMENT_TEAM = 9MTYZH884P;
				GENERATE_INFOPLIST_FILE = YES;
				INFOPLIST_FILE = MooltifillAuthProvider/Info.plist;
				INFOPLIST_KEY_CFBundleDisplayName = MooltifillAuthProvider;
				INFOPLIST_KEY_NSHumanReadableCopyright = "";
				IPHONEOS_DEPLOYMENT_TARGET = 14.0;
				LD_RUNPATH_SEARCH_PATHS = (
					"$(inherited)",
					"@executable_path/Frameworks",
					"@executable_path/../../Frameworks",
				);
				MARKETING_VERSION = 1.0;
				PRODUCT_BUNDLE_IDENTIFIER = com.themooltipass.Mooltifill.MooltifillAuthProvider;
				PRODUCT_NAME = "$(TARGET_NAME)";
				SKIP_INSTALL = YES;
				SWIFT_EMIT_LOC_STRINGS = YES;
				SWIFT_VERSION = 5.0;
				TARGETED_DEVICE_FAMILY = "1,2";
			};
			name = Release;
		};
/* End XCBuildConfiguration section */

/* Begin XCConfigurationList section */
		39023B2B27C10332000A7CD5 /* Build configuration list for PBXProject "Mooltifill" */ = {
			isa = XCConfigurationList;
			buildConfigurations = (
				39023B5827C10333000A7CD5 /* Debug */,
				39023B5927C10333000A7CD5 /* Release */,
			);
			defaultConfigurationIsVisible = 0;
			defaultConfigurationName = Release;
		};
		39023B5A27C10333000A7CD5 /* Build configuration list for PBXNativeTarget "Mooltifill" */ = {
			isa = XCConfigurationList;
			buildConfigurations = (
				39023B5B27C10333000A7CD5 /* Debug */,
				39023B5C27C10333000A7CD5 /* Release */,
			);
			defaultConfigurationIsVisible = 0;
			defaultConfigurationName = Release;
		};
		39023B5D27C10333000A7CD5 /* Build configuration list for PBXNativeTarget "MooltifillTests" */ = {
			isa = XCConfigurationList;
			buildConfigurations = (
				39023B5E27C10333000A7CD5 /* Debug */,
				39023B5F27C10333000A7CD5 /* Release */,
			);
			defaultConfigurationIsVisible = 0;
			defaultConfigurationName = Release;
		};
		39023B6027C10333000A7CD5 /* Build configuration list for PBXNativeTarget "MooltifillUITests" */ = {
			isa = XCConfigurationList;
			buildConfigurations = (
				39023B6127C10333000A7CD5 /* Debug */,
				39023B6227C10333000A7CD5 /* Release */,
			);
			defaultConfigurationIsVisible = 0;
			defaultConfigurationName = Release;
		};
		3942D410280583C400EF72F3 /* Build configuration list for PBXNativeTarget "MooltifillAuthProvider" */ = {
			isa = XCConfigurationList;
			buildConfigurations = (
				3942D411280583C400EF72F3 /* Debug */,
				3942D412280583C400EF72F3 /* Release */,
			);
			defaultConfigurationIsVisible = 0;
			defaultConfigurationName = Release;
		};
/* End XCConfigurationList section */
	};
	rootObject = 39023B2827C10332000A7CD5 /* Project object */;
}
